// !$*UTF8*$!
{
	archiveVersion = 1;
	classes = {
	};
	objectVersion = 46;
	objects = {

/* Begin PBXBuildFile section */
		850277A21625B53E00AB5038 /* Foundation.framework in Frameworks */ = {isa = PBXBuildFile; fileRef = 850277A11625B53E00AB5038 /* Foundation.framework */; };
		850277A71625B53E00AB5038 /* libresip.h in CopyFiles */ = {isa = PBXBuildFile; fileRef = 850277A61625B53E00AB5038 /* libresip.h */; };
		850277A91625B53E00AB5038 /* libresip.m in Sources */ = {isa = PBXBuildFile; fileRef = 850277A81625B53E00AB5038 /* libresip.m */; };
		850277CF1625B59800AB5038 /* sound_utils.c in Sources */ = {isa = PBXBuildFile; fileRef = 850277B91625B59700AB5038 /* sound_utils.c */; };
		850277D01625B59800AB5038 /* sound.c in Sources */ = {isa = PBXBuildFile; fileRef = 850277BB1625B59700AB5038 /* sound.c */; };
		850277D41625B59800AB5038 /* TXSip.m in Sources */ = {isa = PBXBuildFile; fileRef = 850277C41625B59700AB5038 /* TXSip.m */; };
		850277D91625B59800AB5038 /* TXSipUser.m in Sources */ = {isa = PBXBuildFile; fileRef = 850277CE1625B59800AB5038 /* TXSipUser.m */; };
		850277E11625B5C300AB5038 /* MailBox.m in Sources */ = {isa = PBXBuildFile; fileRef = 850277DE1625B5C300AB5038 /* MailBox.m */; };
		8507AA901628ADF700CE9AE6 /* TXAccount.m in Sources */ = {isa = PBXBuildFile; fileRef = 8507AA8E1628ADF700CE9AE6 /* TXAccount.m */; };
		8507AA941628AEEF00CE9AE6 /* Callback.m in Sources */ = {isa = PBXBuildFile; fileRef = 8507AA921628AEEF00CE9AE6 /* Callback.m */; };
		8507AAA91628B6BC00CE9AE6 /* TXRestApi.m in Sources */ = {isa = PBXBuildFile; fileRef = 8507AAA81628B6BC00CE9AE6 /* TXRestApi.m */; };
		8507AAE81628BD9400CE9AE6 /* JSONKit.m in Sources */ = {isa = PBXBuildFile; fileRef = 8507AAE71628BD9400CE9AE6 /* JSONKit.m */; settings = {COMPILER_FLAGS = "-fno-objc-arc"; }; };
		8507AAE91628BEB100CE9AE6 /* TXAccount.h in CopyFiles */ = {isa = PBXBuildFile; fileRef = 8507AA8F1628ADF700CE9AE6 /* TXAccount.h */; };
		8507AAEA1628BED400CE9AE6 /* Callback.h in CopyFiles */ = {isa = PBXBuildFile; fileRef = 8507AA931628AEEF00CE9AE6 /* Callback.h */; };
		8517ADFE168B98D500EEFE37 /* MobileCoreServices.framework in Frameworks */ = {isa = PBXBuildFile; fileRef = 8517ADFD168B98D500EEFE37 /* MobileCoreServices.framework */; };
		8520171A16EAE4380020BC02 /* TXUplinks.h in Headers */ = {isa = PBXBuildFile; fileRef = 8520171816EAE4380020BC02 /* TXUplinks.h */; };
		8520171B16EAE4380020BC02 /* TXUplinks.m in Sources */ = {isa = PBXBuildFile; fileRef = 8520171916EAE4380020BC02 /* TXUplinks.m */; };
		8520171C16EAE4380020BC02 /* TXUplinks.m in Sources */ = {isa = PBXBuildFile; fileRef = 8520171916EAE4380020BC02 /* TXUplinks.m */; };
		8523A5CB1650E3220071C23F /* libsrtp.a in Frameworks */ = {isa = PBXBuildFile; fileRef = 8523A5CA1650E3220071C23F /* libsrtp.a */; };
		8523A5CD1650E3520071C23F /* libsrtp.a in Frameworks */ = {isa = PBXBuildFile; fileRef = 8523A5CA1650E3220071C23F /* libsrtp.a */; };
		852716921628F35B00C4B8DD /* SystemConfiguration.framework in Frameworks */ = {isa = PBXBuildFile; fileRef = 852716911628F35B00C4B8DD /* SystemConfiguration.framework */; };
		852716941628F39A00C4B8DD /* libresolv.dylib in Frameworks */ = {isa = PBXBuildFile; fileRef = 852716931628F39A00C4B8DD /* libresolv.dylib */; };
		8527169A1628F3B200C4B8DD /* libz.dylib in Frameworks */ = {isa = PBXBuildFile; fileRef = 852716991628F3B200C4B8DD /* libz.dylib */; };
		8527169B1628F48D00C4B8DD /* Callback.h in Headers */ = {isa = PBXBuildFile; fileRef = 8507AA931628AEEF00CE9AE6 /* Callback.h */; settings = {ATTRIBUTES = (Public, ); }; };
		8527169D1628FA5400C4B8DD /* TXSip.h in CopyFiles */ = {isa = PBXBuildFile; fileRef = 850277C31625B59700AB5038 /* TXSip.h */; };
		8527169E1628FA6500C4B8DD /* TXSipUser.h in CopyFiles */ = {isa = PBXBuildFile; fileRef = 850277CD1625B59800AB5038 /* TXSipUser.h */; };
		852716F61628FB7200C4B8DD /* MailBox.h in CopyFiles */ = {isa = PBXBuildFile; fileRef = 850277DD1625B5C300AB5038 /* MailBox.h */; };
		852DA29716A00DE500AF5677 /* ReWrap.h in Headers */ = {isa = PBXBuildFile; fileRef = 852DA29516A00DE500AF5677 /* ReWrap.h */; settings = {ATTRIBUTES = (Public, ); }; };
		852DA29816A00DE500AF5677 /* ReWrap.m in Sources */ = {isa = PBXBuildFile; fileRef = 852DA29616A00DE500AF5677 /* ReWrap.m */; };
		852DA29916A00DE500AF5677 /* ReWrap.m in Sources */ = {isa = PBXBuildFile; fileRef = 852DA29616A00DE500AF5677 /* ReWrap.m */; };
		852DA29B16A00ED800AF5677 /* ReWrap.h in CopyFiles */ = {isa = PBXBuildFile; fileRef = 852DA29516A00DE500AF5677 /* ReWrap.h */; };
		852DA29E16A01AE400AF5677 /* re_wrap_priv.h in Headers */ = {isa = PBXBuildFile; fileRef = 852DA29D16A01AE400AF5677 /* re_wrap_priv.h */; };
		852DA2A016A05CEE00AF5677 /* auth.c in Sources */ = {isa = PBXBuildFile; fileRef = 852DA29F16A05CEE00AF5677 /* auth.c */; };
		852DA2A116A05CEE00AF5677 /* auth.c in Sources */ = {isa = PBXBuildFile; fileRef = 852DA29F16A05CEE00AF5677 /* auth.c */; };
		853B201E169F1DE700F423DB /* http.c in Sources */ = {isa = PBXBuildFile; fileRef = 853B201C169F1DE700F423DB /* http.c */; };
		853B201F169F1DE700F423DB /* http.c in Sources */ = {isa = PBXBuildFile; fileRef = 853B201C169F1DE700F423DB /* http.c */; };
		853B2020169F1DE700F423DB /* http.h in Headers */ = {isa = PBXBuildFile; fileRef = 853B201D169F1DE700F423DB /* http.h */; };
		8545D51A164447CE00DD7533 /* JSONKit.h in CopyFiles */ = {isa = PBXBuildFile; fileRef = 8507AAE61628BD9400CE9AE6 /* JSONKit.h */; };
		8545D51F164447E400DD7533 /* JSONKit.h in Headers */ = {isa = PBXBuildFile; fileRef = 8507AAE61628BD9400CE9AE6 /* JSONKit.h */; settings = {ATTRIBUTES = (Public, ); }; };
		8548DF6A16FDD4EA00494FB9 /* TXSipReport.h in Headers */ = {isa = PBXBuildFile; fileRef = 8548DF6816FDD4EA00494FB9 /* TXSipReport.h */; };
		8548DF6B16FDD4EA00494FB9 /* TXSipReport.m in Sources */ = {isa = PBXBuildFile; fileRef = 8548DF6916FDD4EA00494FB9 /* TXSipReport.m */; };
		8548DF6C16FDD4EA00494FB9 /* TXSipReport.m in Sources */ = {isa = PBXBuildFile; fileRef = 8548DF6916FDD4EA00494FB9 /* TXSipReport.m */; };
		8548DF6E16FDD6B600494FB9 /* strmacro.h in Headers */ = {isa = PBXBuildFile; fileRef = 8548DF6D16FDD6B600494FB9 /* strmacro.h */; settings = {ATTRIBUTES = (Public, ); }; };
		8548DF7116FDDC7300494FB9 /* TXSipIpc.h in Headers */ = {isa = PBXBuildFile; fileRef = 8548DF6F16FDDC7300494FB9 /* TXSipIpc.h */; settings = {ATTRIBUTES = (Public, ); }; };
		8548DF7216FDDC7300494FB9 /* TXSipIpc.m in Sources */ = {isa = PBXBuildFile; fileRef = 8548DF7016FDDC7300494FB9 /* TXSipIpc.m */; };
		8548DF7316FDDC7300494FB9 /* TXSipIpc.m in Sources */ = {isa = PBXBuildFile; fileRef = 8548DF7016FDDC7300494FB9 /* TXSipIpc.m */; };
		8548DF7616FDEA3E00494FB9 /* tcsipuser.c in Sources */ = {isa = PBXBuildFile; fileRef = 8548DF7416FDEA3E00494FB9 /* tcsipuser.c */; };
		8548DF7716FDEA3E00494FB9 /* tcsipuser.c in Sources */ = {isa = PBXBuildFile; fileRef = 8548DF7416FDEA3E00494FB9 /* tcsipuser.c */; };
		8548DF7816FDEA3E00494FB9 /* tcsipuser.h in Headers */ = {isa = PBXBuildFile; fileRef = 8548DF7516FDEA3E00494FB9 /* tcsipuser.h */; };
		8548DF7B16FE246300494FB9 /* tcsipreg.h in Headers */ = {isa = PBXBuildFile; fileRef = 8548DF7916FE246300494FB9 /* tcsipreg.h */; settings = {ATTRIBUTES = (Public, ); }; };
		8548DF7C16FE246300494FB9 /* tcsipreg.c in Sources */ = {isa = PBXBuildFile; fileRef = 8548DF7A16FE246300494FB9 /* tcsipreg.c */; };
		8548DF7D16FE246300494FB9 /* tcsipreg.c in Sources */ = {isa = PBXBuildFile; fileRef = 8548DF7A16FE246300494FB9 /* tcsipreg.c */; };
		8548DF8016FEE92F00494FB9 /* tcsipcall.c in Sources */ = {isa = PBXBuildFile; fileRef = 8548DF7E16FEE92E00494FB9 /* tcsipcall.c */; };
		8548DF8116FEE92F00494FB9 /* tcsipcall.c in Sources */ = {isa = PBXBuildFile; fileRef = 8548DF7E16FEE92E00494FB9 /* tcsipcall.c */; };
		8548DF8216FEE92F00494FB9 /* tcsipcall.h in Headers */ = {isa = PBXBuildFile; fileRef = 8548DF7F16FEE92F00494FB9 /* tcsipcall.h */; settings = {ATTRIBUTES = (Public, ); }; };
		8548DF8516FF041700494FB9 /* tcmedia.h in Headers */ = {isa = PBXBuildFile; fileRef = 8548DF8316FF041700494FB9 /* tcmedia.h */; };
		8548DF8616FF041700494FB9 /* tcmedia.c in Sources */ = {isa = PBXBuildFile; fileRef = 8548DF8416FF041700494FB9 /* tcmedia.c */; };
		8548DF8716FF041700494FB9 /* tcmedia.c in Sources */ = {isa = PBXBuildFile; fileRef = 8548DF8416FF041700494FB9 /* tcmedia.c */; };
		8548DF8816FF5ABF00494FB9 /* TXSipIpc.h in CopyFiles */ = {isa = PBXBuildFile; fileRef = 8548DF6F16FDDC7300494FB9 /* TXSipIpc.h */; };
		8548DF8916FF5AF700494FB9 /* tcsipcall.h in CopyFiles */ = {isa = PBXBuildFile; fileRef = 8548DF7F16FEE92F00494FB9 /* tcsipcall.h */; };
		8548DF8A16FF5B0400494FB9 /* strmacro.h in CopyFiles */ = {isa = PBXBuildFile; fileRef = 8548DF6D16FDD6B600494FB9 /* strmacro.h */; };
		8548DF8B16FF5B3200494FB9 /* tcsipuser.c in CopyFiles */ = {isa = PBXBuildFile; fileRef = 8548DF7416FDEA3E00494FB9 /* tcsipuser.c */; };
		8548DF8C16FF5B5D00494FB9 /* tcsipreg.h in CopyFiles */ = {isa = PBXBuildFile; fileRef = 8548DF7916FE246300494FB9 /* tcsipreg.h */; };
		8548DF8D16FF5B9900494FB9 /* TXHttp.h in CopyFiles */ = {isa = PBXBuildFile; fileRef = 85DBA21D16FCC4C500FB7B84 /* TXHttp.h */; };
		854BB43C1643D46200825D0C /* TXRestApi.h in CopyFiles */ = {isa = PBXBuildFile; fileRef = 8507AAA71628B6BC00CE9AE6 /* TXRestApi.h */; };
		855707031629185700407CCC /* libspeexdsp.a in Frameworks */ = {isa = PBXBuildFile; fileRef = 855707001629185700407CCC /* libspeexdsp.a */; };
		855707041629185700407CCC /* libspeex.a in Frameworks */ = {isa = PBXBuildFile; fileRef = 855707011629185700407CCC /* libspeex.a */; };
		855707061629187C00407CCC /* libspeexdsp.a in Frameworks */ = {isa = PBXBuildFile; fileRef = 855707001629185700407CCC /* libspeexdsp.a */; };
		855707071629188000407CCC /* libspeex.a in Frameworks */ = {isa = PBXBuildFile; fileRef = 855707011629185700407CCC /* libspeex.a */; };
		8557070A1629191A00407CCC /* libssl.dylib in Frameworks */ = {isa = PBXBuildFile; fileRef = 852716951628F3A300C4B8DD /* libssl.dylib */; };
		8557070B1629192800407CCC /* libcrypto.dylib in Frameworks */ = {isa = PBXBuildFile; fileRef = 852716971628F3AA00C4B8DD /* libcrypto.dylib */; };
		8557076216291C9000407CCC /* libre.a in Frameworks */ = {isa = PBXBuildFile; fileRef = 855706FF1629185700407CCC /* libre.a */; };
		855707631629201300407CCC /* libre.a in Frameworks */ = {isa = PBXBuildFile; fileRef = 855706FF1629185700407CCC /* libre.a */; };
		856150421664B5AC00DBCFD5 /* g711.c in Sources */ = {isa = PBXBuildFile; fileRef = 856150401664B5AC00DBCFD5 /* g711.c */; };
		856150431664B5AC00DBCFD5 /* g711.c in Sources */ = {isa = PBXBuildFile; fileRef = 856150401664B5AC00DBCFD5 /* g711.c */; };
		856150441664B5AC00DBCFD5 /* g711.h in Headers */ = {isa = PBXBuildFile; fileRef = 856150411664B5AC00DBCFD5 /* g711.h */; };
		856150491664C70B00DBCFD5 /* rtp_opus.c in Sources */ = {isa = PBXBuildFile; fileRef = 856150461664C70A00DBCFD5 /* rtp_opus.c */; };
		8561504A1664C70B00DBCFD5 /* rtp_opus.c in Sources */ = {isa = PBXBuildFile; fileRef = 856150461664C70A00DBCFD5 /* rtp_opus.c */; };
		8561504B1664C70B00DBCFD5 /* rtp_pcmu.c in Sources */ = {isa = PBXBuildFile; fileRef = 856150471664C70B00DBCFD5 /* rtp_pcmu.c */; };
		8561504C1664C70B00DBCFD5 /* rtp_pcmu.c in Sources */ = {isa = PBXBuildFile; fileRef = 856150471664C70B00DBCFD5 /* rtp_pcmu.c */; };
		8561504D1664C70B00DBCFD5 /* rtp_speex.c in Sources */ = {isa = PBXBuildFile; fileRef = 856150481664C70B00DBCFD5 /* rtp_speex.c */; };
		8561504E1664C70B00DBCFD5 /* rtp_speex.c in Sources */ = {isa = PBXBuildFile; fileRef = 856150481664C70B00DBCFD5 /* rtp_speex.c */; };
		856150551664D20200DBCFD5 /* opus.h in Headers */ = {isa = PBXBuildFile; fileRef = 856150501664D20200DBCFD5 /* opus.h */; };
		856150561664D20200DBCFD5 /* opus_custom.h in Headers */ = {isa = PBXBuildFile; fileRef = 856150511664D20200DBCFD5 /* opus_custom.h */; };
		856150571664D20200DBCFD5 /* opus_defines.h in Headers */ = {isa = PBXBuildFile; fileRef = 856150521664D20200DBCFD5 /* opus_defines.h */; };
		856150581664D20200DBCFD5 /* opus_multistream.h in Headers */ = {isa = PBXBuildFile; fileRef = 856150531664D20200DBCFD5 /* opus_multistream.h */; };
		856150591664D20200DBCFD5 /* opus_types.h in Headers */ = {isa = PBXBuildFile; fileRef = 856150541664D20200DBCFD5 /* opus_types.h */; };
		8561505B1664D34100DBCFD5 /* libopus.a in Frameworks */ = {isa = PBXBuildFile; fileRef = 8561505A1664D34000DBCFD5 /* libopus.a */; };
		8561505C1664D3A600DBCFD5 /* libopus.a in Frameworks */ = {isa = PBXBuildFile; fileRef = 8561505A1664D34000DBCFD5 /* libopus.a */; };
		858406881656933000BE8EB6 /* rtp_io.c in Sources */ = {isa = PBXBuildFile; fileRef = 858406871656933000BE8EB6 /* rtp_io.c */; };
		8584068A1656934C00BE8EB6 /* rtp_io.c in Sources */ = {isa = PBXBuildFile; fileRef = 858406871656933000BE8EB6 /* rtp_io.c */; };
		8585A26816527CB000380B9C /* ajitter.c in Sources */ = {isa = PBXBuildFile; fileRef = 8585A26716527CB000380B9C /* ajitter.c */; };
		8585A26916527CB000380B9C /* ajitter.c in Sources */ = {isa = PBXBuildFile; fileRef = 8585A26716527CB000380B9C /* ajitter.c */; };
		858AC77C168DEABF00BA64C9 /* TXKey.h in Headers */ = {isa = PBXBuildFile; fileRef = 858AC77A168DEABF00BA64C9 /* TXKey.h */; };
		858AC77D168DEABF00BA64C9 /* TXKey.m in Sources */ = {isa = PBXBuildFile; fileRef = 858AC77B168DEABF00BA64C9 /* TXKey.m */; };
		858AC77E168DEABF00BA64C9 /* TXKey.m in Sources */ = {isa = PBXBuildFile; fileRef = 858AC77B168DEABF00BA64C9 /* TXKey.m */; };
		859D3D461628D6A400385248 /* Cocoa.framework in Frameworks */ = {isa = PBXBuildFile; fileRef = 859D3D451628D6A400385248 /* Cocoa.framework */; };
		859D3D501628D6A400385248 /* InfoPlist.strings in Resources */ = {isa = PBXBuildFile; fileRef = 859D3D4E1628D6A400385248 /* InfoPlist.strings */; };
		859D3D5D1628D6BC00385248 /* JSONKit.m in Sources */ = {isa = PBXBuildFile; fileRef = 8507AAE71628BD9400CE9AE6 /* JSONKit.m */; settings = {COMPILER_FLAGS = "-fno-objc-arc"; }; };
		859D3D5F1628D6BC00385248 /* TXRestApi.m in Sources */ = {isa = PBXBuildFile; fileRef = 8507AAA81628B6BC00CE9AE6 /* TXRestApi.m */; };
		859D3D601628D6BC00385248 /* Callback.m in Sources */ = {isa = PBXBuildFile; fileRef = 8507AA921628AEEF00CE9AE6 /* Callback.m */; };
		859D3D631628D6BC00385248 /* MailBox.m in Sources */ = {isa = PBXBuildFile; fileRef = 850277DE1625B5C300AB5038 /* MailBox.m */; };
		859D3D661628D6BC00385248 /* TXAccount.m in Sources */ = {isa = PBXBuildFile; fileRef = 8507AA8E1628ADF700CE9AE6 /* TXAccount.m */; };
		859D3D681628D6BC00385248 /* sound_utils.c in Sources */ = {isa = PBXBuildFile; fileRef = 850277B91625B59700AB5038 /* sound_utils.c */; };
		859D3D6A1628D6BC00385248 /* sound.c in Sources */ = {isa = PBXBuildFile; fileRef = 850277BB1625B59700AB5038 /* sound.c */; };
		859D3D731628D6BC00385248 /* TXSip.m in Sources */ = {isa = PBXBuildFile; fileRef = 850277C41625B59700AB5038 /* TXSip.m */; };
		859D3D7D1628D6BC00385248 /* TXSipUser.m in Sources */ = {isa = PBXBuildFile; fileRef = 850277CE1625B59800AB5038 /* TXSipUser.m */; };
		859D3D7E1628D6D300385248 /* TXAccount.h in Headers */ = {isa = PBXBuildFile; fileRef = 8507AA8F1628ADF700CE9AE6 /* TXAccount.h */; settings = {ATTRIBUTES = (Public, ); }; };
		859D3D831628D79200385248 /* TXRestApi.h in Headers */ = {isa = PBXBuildFile; fileRef = 8507AAA71628B6BC00CE9AE6 /* TXRestApi.h */; settings = {ATTRIBUTES = (Public, ); }; };
		85AA389016F8F7C700701FCA /* libmsgpack.a in Frameworks */ = {isa = PBXBuildFile; fileRef = 85AA388F16F8F7C700701FCA /* libmsgpack.a */; };
		85AA389116F8F7C700701FCA /* libmsgpack.a in Frameworks */ = {isa = PBXBuildFile; fileRef = 85AA388F16F8F7C700701FCA /* libmsgpack.a */; };
		85B57C7A1632999F00456ADD /* AudioUnit.framework in Frameworks */ = {isa = PBXBuildFile; fileRef = 859D3D8E1628D99F00385248 /* AudioUnit.framework */; };
		85B57C7C163299AD00456ADD /* CoreAudio.framework in Frameworks */ = {isa = PBXBuildFile; fileRef = 85B57C7B163299AD00456ADD /* CoreAudio.framework */; };
		85B57C7E163299B100456ADD /* AudioToolbox.framework in Frameworks */ = {isa = PBXBuildFile; fileRef = 85B57C7D163299B100456ADD /* AudioToolbox.framework */; };
		85D6414F163C62F4008D3974 /* CoreAudio.framework in Frameworks */ = {isa = PBXBuildFile; fileRef = 85B57C781632999000456ADD /* CoreAudio.framework */; };
		85DBA21F16FCC4C500FB7B84 /* TXHttp.h in Headers */ = {isa = PBXBuildFile; fileRef = 85DBA21D16FCC4C500FB7B84 /* TXHttp.h */; settings = {ATTRIBUTES = (Public, ); }; };
		85DBA22016FCC4C500FB7B84 /* TXHttp.m in Sources */ = {isa = PBXBuildFile; fileRef = 85DBA21E16FCC4C500FB7B84 /* TXHttp.m */; };
		85DBA22116FCC4C500FB7B84 /* TXHttp.m in Sources */ = {isa = PBXBuildFile; fileRef = 85DBA21E16FCC4C500FB7B84 /* TXHttp.m */; };
		85EF252616F3CDE200068C00 /* cross.h in Headers */ = {isa = PBXBuildFile; fileRef = 85EF252416F3CCEC00068C00 /* cross.h */; };
		85FF742516290A60005C64D5 /* libcrypto.a in Frameworks */ = {isa = PBXBuildFile; fileRef = 85FF742316290A60005C64D5 /* libcrypto.a */; };
		85FF742616290A60005C64D5 /* libssl.a in Frameworks */ = {isa = PBXBuildFile; fileRef = 85FF742416290A60005C64D5 /* libssl.a */; };
		85FF742F16291027005C64D5 /* TXSip.h in Headers */ = {isa = PBXBuildFile; fileRef = 850277C31625B59700AB5038 /* TXSip.h */; settings = {ATTRIBUTES = (Public, ); }; };
		85FF74301629103B005C64D5 /* TXSipUser.h in Headers */ = {isa = PBXBuildFile; fileRef = 850277CD1625B59800AB5038 /* TXSipUser.h */; settings = {ATTRIBUTES = (Public, ); }; };
		85FF745C162910DD005C64D5 /* MailBox.h in Headers */ = {isa = PBXBuildFile; fileRef = 850277DD1625B5C300AB5038 /* MailBox.h */; settings = {ATTRIBUTES = (Public, ); }; };
/* End PBXBuildFile section */

/* Begin PBXCopyFilesBuildPhase section */
		8502779C1625B53E00AB5038 /* CopyFiles */ = {
			isa = PBXCopyFilesBuildPhase;
			buildActionMask = 2147483647;
			dstPath = "include/${PRODUCT_NAME}";
			dstSubfolderSpec = 16;
			files = (
				8548DF8D16FF5B9900494FB9 /* TXHttp.h in CopyFiles */,
				8548DF8C16FF5B5D00494FB9 /* tcsipreg.h in CopyFiles */,
				8548DF8B16FF5B3200494FB9 /* tcsipuser.c in CopyFiles */,
				8548DF8A16FF5B0400494FB9 /* strmacro.h in CopyFiles */,
				8548DF8916FF5AF700494FB9 /* tcsipcall.h in CopyFiles */,
				8548DF8816FF5ABF00494FB9 /* TXSipIpc.h in CopyFiles */,
				852DA29B16A00ED800AF5677 /* ReWrap.h in CopyFiles */,
				8545D51A164447CE00DD7533 /* JSONKit.h in CopyFiles */,
				854BB43C1643D46200825D0C /* TXRestApi.h in CopyFiles */,
				852716F61628FB7200C4B8DD /* MailBox.h in CopyFiles */,
				8527169E1628FA6500C4B8DD /* TXSipUser.h in CopyFiles */,
				8527169D1628FA5400C4B8DD /* TXSip.h in CopyFiles */,
				8507AAEA1628BED400CE9AE6 /* Callback.h in CopyFiles */,
				8507AAE91628BEB100CE9AE6 /* TXAccount.h in CopyFiles */,
				850277A71625B53E00AB5038 /* libresip.h in CopyFiles */,
			);
			runOnlyForDeploymentPostprocessing = 0;
		};
/* End PBXCopyFilesBuildPhase section */

/* Begin PBXFileReference section */
		8502779E1625B53E00AB5038 /* liblibresip.a */ = {isa = PBXFileReference; explicitFileType = archive.ar; includeInIndex = 0; path = liblibresip.a; sourceTree = BUILT_PRODUCTS_DIR; };
		850277A11625B53E00AB5038 /* Foundation.framework */ = {isa = PBXFileReference; lastKnownFileType = wrapper.framework; name = Foundation.framework; path = System/Library/Frameworks/Foundation.framework; sourceTree = SDKROOT; };
		850277A51625B53E00AB5038 /* libresip-Prefix.pch */ = {isa = PBXFileReference; lastKnownFileType = sourcecode.c.h; path = "libresip-Prefix.pch"; sourceTree = "<group>"; };
		850277A61625B53E00AB5038 /* libresip.h */ = {isa = PBXFileReference; lastKnownFileType = sourcecode.c.h; path = libresip.h; sourceTree = "<group>"; };
		850277A81625B53E00AB5038 /* libresip.m */ = {isa = PBXFileReference; lastKnownFileType = sourcecode.c.objc; path = libresip.m; sourceTree = "<group>"; };
		850277B91625B59700AB5038 /* sound_utils.c */ = {isa = PBXFileReference; fileEncoding = 4; lastKnownFileType = sourcecode.c.c; path = sound_utils.c; sourceTree = "<group>"; };
		850277BA1625B59700AB5038 /* sound_utils.h */ = {isa = PBXFileReference; fileEncoding = 4; lastKnownFileType = sourcecode.c.h; path = sound_utils.h; sourceTree = "<group>"; };
		850277BB1625B59700AB5038 /* sound.c */ = {isa = PBXFileReference; fileEncoding = 4; lastKnownFileType = sourcecode.c.c; path = sound.c; sourceTree = "<group>"; };
		850277BC1625B59700AB5038 /* sound.h */ = {isa = PBXFileReference; fileEncoding = 4; lastKnownFileType = sourcecode.c.h; path = sound.h; sourceTree = "<group>"; };
		850277C31625B59700AB5038 /* TXSip.h */ = {isa = PBXFileReference; fileEncoding = 4; lastKnownFileType = sourcecode.c.h; path = TXSip.h; sourceTree = "<group>"; };
		850277C41625B59700AB5038 /* TXSip.m */ = {isa = PBXFileReference; fileEncoding = 4; lastKnownFileType = sourcecode.c.objc; path = TXSip.m; sourceTree = "<group>"; };
		850277CD1625B59800AB5038 /* TXSipUser.h */ = {isa = PBXFileReference; fileEncoding = 4; lastKnownFileType = sourcecode.c.h; path = TXSipUser.h; sourceTree = "<group>"; };
		850277CE1625B59800AB5038 /* TXSipUser.m */ = {isa = PBXFileReference; fileEncoding = 4; lastKnownFileType = sourcecode.c.objc; path = TXSipUser.m; sourceTree = "<group>"; };
		850277DD1625B5C300AB5038 /* MailBox.h */ = {isa = PBXFileReference; fileEncoding = 4; lastKnownFileType = sourcecode.c.h; name = MailBox.h; path = utils/MailBox.h; sourceTree = "<group>"; };
		850277DE1625B5C300AB5038 /* MailBox.m */ = {isa = PBXFileReference; fileEncoding = 4; lastKnownFileType = sourcecode.c.objc; name = MailBox.m; path = utils/MailBox.m; sourceTree = "<group>"; };
		8507AA8E1628ADF700CE9AE6 /* TXAccount.m */ = {isa = PBXFileReference; fileEncoding = 4; lastKnownFileType = sourcecode.c.objc; path = TXAccount.m; sourceTree = "<group>"; };
		8507AA8F1628ADF700CE9AE6 /* TXAccount.h */ = {isa = PBXFileReference; fileEncoding = 4; lastKnownFileType = sourcecode.c.h; path = TXAccount.h; sourceTree = "<group>"; };
		8507AA921628AEEF00CE9AE6 /* Callback.m */ = {isa = PBXFileReference; fileEncoding = 4; lastKnownFileType = sourcecode.c.objc; name = Callback.m; path = utils/Callback.m; sourceTree = "<group>"; };
		8507AA931628AEEF00CE9AE6 /* Callback.h */ = {isa = PBXFileReference; fileEncoding = 4; lastKnownFileType = sourcecode.c.h; name = Callback.h; path = utils/Callback.h; sourceTree = "<group>"; };
		8507AAA71628B6BC00CE9AE6 /* TXRestApi.h */ = {isa = PBXFileReference; fileEncoding = 4; lastKnownFileType = sourcecode.c.h; name = TXRestApi.h; path = utils/TXRestApi.h; sourceTree = "<group>"; };
		8507AAA81628B6BC00CE9AE6 /* TXRestApi.m */ = {isa = PBXFileReference; fileEncoding = 4; lastKnownFileType = sourcecode.c.objc; name = TXRestApi.m; path = utils/TXRestApi.m; sourceTree = "<group>"; };
		8507AAE61628BD9400CE9AE6 /* JSONKit.h */ = {isa = PBXFileReference; fileEncoding = 4; lastKnownFileType = sourcecode.c.h; name = JSONKit.h; path = JSONKit/JSONKit.h; sourceTree = "<group>"; };
		8507AAE71628BD9400CE9AE6 /* JSONKit.m */ = {isa = PBXFileReference; fileEncoding = 4; lastKnownFileType = sourcecode.c.objc; name = JSONKit.m; path = JSONKit/JSONKit.m; sourceTree = "<group>"; };
		8517ADCA168B2FAC00EEFE37 /* Security.framework */ = {isa = PBXFileReference; lastKnownFileType = wrapper.framework; name = Security.framework; path = Platforms/MacOSX.platform/Developer/SDKs/MacOSX10.7.sdk/System/Library/Frameworks/Security.framework; sourceTree = DEVELOPER_DIR; };
		8517ADF9168B986E00EEFE37 /* Security.framework */ = {isa = PBXFileReference; lastKnownFileType = wrapper.framework; name = Security.framework; path = System/Library/Frameworks/Security.framework; sourceTree = SDKROOT; };
		8517ADFB168B989600EEFE37 /* CFNetwork.framework */ = {isa = PBXFileReference; lastKnownFileType = wrapper.framework; name = CFNetwork.framework; path = System/Library/Frameworks/CFNetwork.framework; sourceTree = SDKROOT; };
		8517ADFD168B98D500EEFE37 /* MobileCoreServices.framework */ = {isa = PBXFileReference; lastKnownFileType = wrapper.framework; name = MobileCoreServices.framework; path = System/Library/Frameworks/MobileCoreServices.framework; sourceTree = SDKROOT; };
		8520171816EAE4380020BC02 /* TXUplinks.h */ = {isa = PBXFileReference; fileEncoding = 4; lastKnownFileType = sourcecode.c.h; name = TXUplinks.h; path = utils/TXUplinks.h; sourceTree = "<group>"; };
		8520171916EAE4380020BC02 /* TXUplinks.m */ = {isa = PBXFileReference; fileEncoding = 4; lastKnownFileType = sourcecode.c.objc; name = TXUplinks.m; path = utils/TXUplinks.m; sourceTree = "<group>"; };
		8523A5CA1650E3220071C23F /* libsrtp.a */ = {isa = PBXFileReference; lastKnownFileType = archive.ar; name = libsrtp.a; path = deps/libsrtp.a; sourceTree = "<group>"; };
		852716911628F35B00C4B8DD /* SystemConfiguration.framework */ = {isa = PBXFileReference; lastKnownFileType = wrapper.framework; name = SystemConfiguration.framework; path = Platforms/MacOSX.platform/Developer/SDKs/MacOSX10.8.sdk/System/Library/Frameworks/SystemConfiguration.framework; sourceTree = DEVELOPER_DIR; };
		852716931628F39A00C4B8DD /* libresolv.dylib */ = {isa = PBXFileReference; lastKnownFileType = "compiled.mach-o.dylib"; name = libresolv.dylib; path = Platforms/MacOSX.platform/Developer/SDKs/MacOSX10.8.sdk/usr/lib/libresolv.dylib; sourceTree = DEVELOPER_DIR; };
		852716951628F3A300C4B8DD /* libssl.dylib */ = {isa = PBXFileReference; lastKnownFileType = "compiled.mach-o.dylib"; name = libssl.dylib; path = Platforms/MacOSX.platform/Developer/SDKs/MacOSX10.8.sdk/usr/lib/libssl.dylib; sourceTree = DEVELOPER_DIR; };
		852716971628F3AA00C4B8DD /* libcrypto.dylib */ = {isa = PBXFileReference; lastKnownFileType = "compiled.mach-o.dylib"; name = libcrypto.dylib; path = Platforms/MacOSX.platform/Developer/SDKs/MacOSX10.8.sdk/usr/lib/libcrypto.dylib; sourceTree = DEVELOPER_DIR; };
		852716991628F3B200C4B8DD /* libz.dylib */ = {isa = PBXFileReference; lastKnownFileType = "compiled.mach-o.dylib"; name = libz.dylib; path = Platforms/MacOSX.platform/Developer/SDKs/MacOSX10.8.sdk/usr/lib/libz.dylib; sourceTree = DEVELOPER_DIR; };
		852DA29516A00DE500AF5677 /* ReWrap.h */ = {isa = PBXFileReference; fileEncoding = 4; lastKnownFileType = sourcecode.c.h; name = ReWrap.h; path = rewrap/ReWrap.h; sourceTree = "<group>"; };
		852DA29616A00DE500AF5677 /* ReWrap.m */ = {isa = PBXFileReference; fileEncoding = 4; lastKnownFileType = sourcecode.c.objc; name = ReWrap.m; path = rewrap/ReWrap.m; sourceTree = "<group>"; };
		852DA29D16A01AE400AF5677 /* re_wrap_priv.h */ = {isa = PBXFileReference; fileEncoding = 4; lastKnownFileType = sourcecode.c.h; name = re_wrap_priv.h; path = rewrap/re_wrap_priv.h; sourceTree = "<group>"; };
		852DA29F16A05CEE00AF5677 /* auth.c */ = {isa = PBXFileReference; fileEncoding = 4; lastKnownFileType = sourcecode.c.c; name = auth.c; path = rehttp/auth.c; sourceTree = "<group>"; };
		853B201C169F1DE700F423DB /* http.c */ = {isa = PBXFileReference; fileEncoding = 4; lastKnownFileType = sourcecode.c.c; name = http.c; path = rehttp/http.c; sourceTree = "<group>"; };
		853B201D169F1DE700F423DB /* http.h */ = {isa = PBXFileReference; fileEncoding = 4; lastKnownFileType = sourcecode.c.h; name = http.h; path = rehttp/http.h; sourceTree = "<group>"; };
		8548DF6816FDD4EA00494FB9 /* TXSipReport.h */ = {isa = PBXFileReference; fileEncoding = 4; lastKnownFileType = sourcecode.c.h; path = TXSipReport.h; sourceTree = "<group>"; };
		8548DF6916FDD4EA00494FB9 /* TXSipReport.m */ = {isa = PBXFileReference; fileEncoding = 4; lastKnownFileType = sourcecode.c.objc; path = TXSipReport.m; sourceTree = "<group>"; };
		8548DF6D16FDD6B600494FB9 /* strmacro.h */ = {isa = PBXFileReference; fileEncoding = 4; lastKnownFileType = sourcecode.c.h; path = strmacro.h; sourceTree = "<group>"; };
		8548DF6F16FDDC7300494FB9 /* TXSipIpc.h */ = {isa = PBXFileReference; fileEncoding = 4; lastKnownFileType = sourcecode.c.h; path = TXSipIpc.h; sourceTree = "<group>"; };
		8548DF7016FDDC7300494FB9 /* TXSipIpc.m */ = {isa = PBXFileReference; fileEncoding = 4; lastKnownFileType = sourcecode.c.objc; path = TXSipIpc.m; sourceTree = "<group>"; };
		8548DF7416FDEA3E00494FB9 /* tcsipuser.c */ = {isa = PBXFileReference; fileEncoding = 4; lastKnownFileType = sourcecode.c.c; path = tcsipuser.c; sourceTree = "<group>"; };
		8548DF7516FDEA3E00494FB9 /* tcsipuser.h */ = {isa = PBXFileReference; fileEncoding = 4; lastKnownFileType = sourcecode.c.h; path = tcsipuser.h; sourceTree = "<group>"; };
		8548DF7916FE246300494FB9 /* tcsipreg.h */ = {isa = PBXFileReference; fileEncoding = 4; lastKnownFileType = sourcecode.c.h; path = tcsipreg.h; sourceTree = "<group>"; };
		8548DF7A16FE246300494FB9 /* tcsipreg.c */ = {isa = PBXFileReference; fileEncoding = 4; lastKnownFileType = sourcecode.c.c; path = tcsipreg.c; sourceTree = "<group>"; };
		8548DF7E16FEE92E00494FB9 /* tcsipcall.c */ = {isa = PBXFileReference; fileEncoding = 4; lastKnownFileType = sourcecode.c.c; path = tcsipcall.c; sourceTree = "<group>"; };
		8548DF7F16FEE92F00494FB9 /* tcsipcall.h */ = {isa = PBXFileReference; fileEncoding = 4; lastKnownFileType = sourcecode.c.h; path = tcsipcall.h; sourceTree = "<group>"; };
		8548DF8316FF041700494FB9 /* tcmedia.h */ = {isa = PBXFileReference; fileEncoding = 4; lastKnownFileType = sourcecode.c.h; path = tcmedia.h; sourceTree = "<group>"; };
		8548DF8416FF041700494FB9 /* tcmedia.c */ = {isa = PBXFileReference; fileEncoding = 4; lastKnownFileType = sourcecode.c.c; path = tcmedia.c; sourceTree = "<group>"; };
		855706FF1629185700407CCC /* libre.a */ = {isa = PBXFileReference; lastKnownFileType = archive.ar; name = libre.a; path = deps/libre.a; sourceTree = "<group>"; };
		855707001629185700407CCC /* libspeexdsp.a */ = {isa = PBXFileReference; lastKnownFileType = archive.ar; name = libspeexdsp.a; path = deps/libspeexdsp.a; sourceTree = "<group>"; };
		855707011629185700407CCC /* libspeex.a */ = {isa = PBXFileReference; lastKnownFileType = archive.ar; name = libspeex.a; path = deps/libspeex.a; sourceTree = "<group>"; };
		8557070E16291BA200407CCC /* re_base64.h */ = {isa = PBXFileReference; fileEncoding = 4; lastKnownFileType = sourcecode.c.h; path = re_base64.h; sourceTree = "<group>"; };
		8557070F16291BA200407CCC /* re_bfcp.h */ = {isa = PBXFileReference; fileEncoding = 4; lastKnownFileType = sourcecode.c.h; path = re_bfcp.h; sourceTree = "<group>"; };
		8557071016291BA200407CCC /* re_bitv.h */ = {isa = PBXFileReference; fileEncoding = 4; lastKnownFileType = sourcecode.c.h; path = re_bitv.h; sourceTree = "<group>"; };
		8557071116291BA200407CCC /* re_conf.h */ = {isa = PBXFileReference; fileEncoding = 4; lastKnownFileType = sourcecode.c.h; path = re_conf.h; sourceTree = "<group>"; };
		8557071216291BA200407CCC /* re_crc32.h */ = {isa = PBXFileReference; fileEncoding = 4; lastKnownFileType = sourcecode.c.h; path = re_crc32.h; sourceTree = "<group>"; };
		8557071316291BA200407CCC /* re_dbg.h */ = {isa = PBXFileReference; fileEncoding = 4; lastKnownFileType = sourcecode.c.h; path = re_dbg.h; sourceTree = "<group>"; };
		8557071416291BA200407CCC /* re_dns.h */ = {isa = PBXFileReference; fileEncoding = 4; lastKnownFileType = sourcecode.c.h; path = re_dns.h; sourceTree = "<group>"; };
		8557071516291BA200407CCC /* re_fmt.h */ = {isa = PBXFileReference; fileEncoding = 4; lastKnownFileType = sourcecode.c.h; path = re_fmt.h; sourceTree = "<group>"; };
		8557071616291BA200407CCC /* re_hash.h */ = {isa = PBXFileReference; fileEncoding = 4; lastKnownFileType = sourcecode.c.h; path = re_hash.h; sourceTree = "<group>"; };
		8557071716291BA200407CCC /* re_hmac.h */ = {isa = PBXFileReference; fileEncoding = 4; lastKnownFileType = sourcecode.c.h; path = re_hmac.h; sourceTree = "<group>"; };
		8557071816291BA200407CCC /* re_httpauth.h */ = {isa = PBXFileReference; fileEncoding = 4; lastKnownFileType = sourcecode.c.h; path = re_httpauth.h; sourceTree = "<group>"; };
		8557071916291BA200407CCC /* re_ice.h */ = {isa = PBXFileReference; fileEncoding = 4; lastKnownFileType = sourcecode.c.h; path = re_ice.h; sourceTree = "<group>"; };
		8557071A16291BA200407CCC /* re_jbuf.h */ = {isa = PBXFileReference; fileEncoding = 4; lastKnownFileType = sourcecode.c.h; path = re_jbuf.h; sourceTree = "<group>"; };
		8557071B16291BA200407CCC /* re_list.h */ = {isa = PBXFileReference; fileEncoding = 4; lastKnownFileType = sourcecode.c.h; path = re_list.h; sourceTree = "<group>"; };
		8557071C16291BA200407CCC /* re_lock.h */ = {isa = PBXFileReference; fileEncoding = 4; lastKnownFileType = sourcecode.c.h; path = re_lock.h; sourceTree = "<group>"; };
		8557071D16291BA200407CCC /* re_main.h */ = {isa = PBXFileReference; fileEncoding = 4; lastKnownFileType = sourcecode.c.h; path = re_main.h; sourceTree = "<group>"; };
		8557071E16291BA200407CCC /* re_mbuf.h */ = {isa = PBXFileReference; fileEncoding = 4; lastKnownFileType = sourcecode.c.h; path = re_mbuf.h; sourceTree = "<group>"; };
		8557071F16291BA200407CCC /* re_md5.h */ = {isa = PBXFileReference; fileEncoding = 4; lastKnownFileType = sourcecode.c.h; path = re_md5.h; sourceTree = "<group>"; };
		8557072016291BA200407CCC /* re_mem.h */ = {isa = PBXFileReference; fileEncoding = 4; lastKnownFileType = sourcecode.c.h; path = re_mem.h; sourceTree = "<group>"; };
		8557072116291BA200407CCC /* re_mod.h */ = {isa = PBXFileReference; fileEncoding = 4; lastKnownFileType = sourcecode.c.h; path = re_mod.h; sourceTree = "<group>"; };
		8557072216291BA200407CCC /* re_mqueue.h */ = {isa = PBXFileReference; fileEncoding = 4; lastKnownFileType = sourcecode.c.h; path = re_mqueue.h; sourceTree = "<group>"; };
		8557072316291BA200407CCC /* re_natbd.h */ = {isa = PBXFileReference; fileEncoding = 4; lastKnownFileType = sourcecode.c.h; path = re_natbd.h; sourceTree = "<group>"; };
		8557072416291BA200407CCC /* re_net.h */ = {isa = PBXFileReference; fileEncoding = 4; lastKnownFileType = sourcecode.c.h; path = re_net.h; sourceTree = "<group>"; };
		8557072516291BA200407CCC /* re_rtp.h */ = {isa = PBXFileReference; fileEncoding = 4; lastKnownFileType = sourcecode.c.h; path = re_rtp.h; sourceTree = "<group>"; };
		8557072616291BA200407CCC /* re_sa.h */ = {isa = PBXFileReference; fileEncoding = 4; lastKnownFileType = sourcecode.c.h; path = re_sa.h; sourceTree = "<group>"; };
		8557072716291BA200407CCC /* re_sdp.h */ = {isa = PBXFileReference; fileEncoding = 4; lastKnownFileType = sourcecode.c.h; path = re_sdp.h; sourceTree = "<group>"; };
		8557072816291BA200407CCC /* re_sha.h */ = {isa = PBXFileReference; fileEncoding = 4; lastKnownFileType = sourcecode.c.h; path = re_sha.h; sourceTree = "<group>"; };
		8557072916291BA200407CCC /* re_sip.h */ = {isa = PBXFileReference; fileEncoding = 4; lastKnownFileType = sourcecode.c.h; path = re_sip.h; sourceTree = "<group>"; };
		8557072A16291BA200407CCC /* re_sipevent.h */ = {isa = PBXFileReference; fileEncoding = 4; lastKnownFileType = sourcecode.c.h; path = re_sipevent.h; sourceTree = "<group>"; };
		8557072B16291BA200407CCC /* re_sipreg.h */ = {isa = PBXFileReference; fileEncoding = 4; lastKnownFileType = sourcecode.c.h; path = re_sipreg.h; sourceTree = "<group>"; };
		8557072C16291BA200407CCC /* re_sipsess.h */ = {isa = PBXFileReference; fileEncoding = 4; lastKnownFileType = sourcecode.c.h; path = re_sipsess.h; sourceTree = "<group>"; };
		8557072D16291BA200407CCC /* re_stun.h */ = {isa = PBXFileReference; fileEncoding = 4; lastKnownFileType = sourcecode.c.h; path = re_stun.h; sourceTree = "<group>"; };
		8557072E16291BA200407CCC /* re_sys.h */ = {isa = PBXFileReference; fileEncoding = 4; lastKnownFileType = sourcecode.c.h; path = re_sys.h; sourceTree = "<group>"; };
		8557072F16291BA200407CCC /* re_tcp.h */ = {isa = PBXFileReference; fileEncoding = 4; lastKnownFileType = sourcecode.c.h; path = re_tcp.h; sourceTree = "<group>"; };
		8557073016291BA200407CCC /* re_telev.h */ = {isa = PBXFileReference; fileEncoding = 4; lastKnownFileType = sourcecode.c.h; path = re_telev.h; sourceTree = "<group>"; };
		8557073116291BA200407CCC /* re_tls.h */ = {isa = PBXFileReference; fileEncoding = 4; lastKnownFileType = sourcecode.c.h; path = re_tls.h; sourceTree = "<group>"; };
		8557073216291BA200407CCC /* re_tmr.h */ = {isa = PBXFileReference; fileEncoding = 4; lastKnownFileType = sourcecode.c.h; path = re_tmr.h; sourceTree = "<group>"; };
		8557073316291BA200407CCC /* re_turn.h */ = {isa = PBXFileReference; fileEncoding = 4; lastKnownFileType = sourcecode.c.h; path = re_turn.h; sourceTree = "<group>"; };
		8557073416291BA200407CCC /* re_types.h */ = {isa = PBXFileReference; fileEncoding = 4; lastKnownFileType = sourcecode.c.h; path = re_types.h; sourceTree = "<group>"; };
		8557073516291BA200407CCC /* re_udp.h */ = {isa = PBXFileReference; fileEncoding = 4; lastKnownFileType = sourcecode.c.h; path = re_udp.h; sourceTree = "<group>"; };
		8557073616291BA200407CCC /* re_uri.h */ = {isa = PBXFileReference; fileEncoding = 4; lastKnownFileType = sourcecode.c.h; path = re_uri.h; sourceTree = "<group>"; };
		8557073716291BA200407CCC /* re.h */ = {isa = PBXFileReference; fileEncoding = 4; lastKnownFileType = sourcecode.c.h; path = re.h; sourceTree = "<group>"; };
		856150401664B5AC00DBCFD5 /* g711.c */ = {isa = PBXFileReference; fileEncoding = 4; lastKnownFileType = sourcecode.c.c; path = g711.c; sourceTree = "<group>"; };
		856150411664B5AC00DBCFD5 /* g711.h */ = {isa = PBXFileReference; fileEncoding = 4; lastKnownFileType = sourcecode.c.h; path = g711.h; sourceTree = "<group>"; };
		856150461664C70A00DBCFD5 /* rtp_opus.c */ = {isa = PBXFileReference; fileEncoding = 4; lastKnownFileType = sourcecode.c.c; name = rtp_opus.c; path = ../libresip/rtp_opus.c; sourceTree = "<group>"; };
		856150471664C70B00DBCFD5 /* rtp_pcmu.c */ = {isa = PBXFileReference; fileEncoding = 4; lastKnownFileType = sourcecode.c.c; name = rtp_pcmu.c; path = ../libresip/rtp_pcmu.c; sourceTree = "<group>"; };
		856150481664C70B00DBCFD5 /* rtp_speex.c */ = {isa = PBXFileReference; fileEncoding = 4; lastKnownFileType = sourcecode.c.c; name = rtp_speex.c; path = ../libresip/rtp_speex.c; sourceTree = "<group>"; };
		856150501664D20200DBCFD5 /* opus.h */ = {isa = PBXFileReference; fileEncoding = 4; lastKnownFileType = sourcecode.c.h; path = opus.h; sourceTree = "<group>"; };
		856150511664D20200DBCFD5 /* opus_custom.h */ = {isa = PBXFileReference; fileEncoding = 4; lastKnownFileType = sourcecode.c.h; path = opus_custom.h; sourceTree = "<group>"; };
		856150521664D20200DBCFD5 /* opus_defines.h */ = {isa = PBXFileReference; fileEncoding = 4; lastKnownFileType = sourcecode.c.h; path = opus_defines.h; sourceTree = "<group>"; };
		856150531664D20200DBCFD5 /* opus_multistream.h */ = {isa = PBXFileReference; fileEncoding = 4; lastKnownFileType = sourcecode.c.h; path = opus_multistream.h; sourceTree = "<group>"; };
		856150541664D20200DBCFD5 /* opus_types.h */ = {isa = PBXFileReference; fileEncoding = 4; lastKnownFileType = sourcecode.c.h; path = opus_types.h; sourceTree = "<group>"; };
		8561505A1664D34000DBCFD5 /* libopus.a */ = {isa = PBXFileReference; lastKnownFileType = archive.ar; name = libopus.a; path = deps/libopus.a; sourceTree = "<group>"; };
		8580184A1636FEFE00E9D54B /* txsip_private.h */ = {isa = PBXFileReference; lastKnownFileType = sourcecode.c.h; path = txsip_private.h; sourceTree = "<group>"; };
		858406861656933000BE8EB6 /* rtp_io.h */ = {isa = PBXFileReference; fileEncoding = 4; lastKnownFileType = sourcecode.c.h; name = rtp_io.h; path = ../libresip/rtp_io.h; sourceTree = "<group>"; };
		858406871656933000BE8EB6 /* rtp_io.c */ = {isa = PBXFileReference; fileEncoding = 4; lastKnownFileType = sourcecode.c.c; name = rtp_io.c; path = ../libresip/rtp_io.c; sourceTree = "<group>"; };
		8585A26716527CB000380B9C /* ajitter.c */ = {isa = PBXFileReference; fileEncoding = 4; lastKnownFileType = sourcecode.c.c; path = ajitter.c; sourceTree = "<group>"; };
		8585A26B16527CBB00380B9C /* ajitter.h */ = {isa = PBXFileReference; fileEncoding = 4; lastKnownFileType = sourcecode.c.h; path = ajitter.h; sourceTree = "<group>"; };
		858AC77A168DEABF00BA64C9 /* TXKey.h */ = {isa = PBXFileReference; fileEncoding = 4; lastKnownFileType = sourcecode.c.h; path = TXKey.h; sourceTree = "<group>"; };
		858AC77B168DEABF00BA64C9 /* TXKey.m */ = {isa = PBXFileReference; fileEncoding = 4; lastKnownFileType = sourcecode.c.objc; path = TXKey.m; sourceTree = "<group>"; };
		859D3D441628D6A400385248 /* libresip.framework */ = {isa = PBXFileReference; explicitFileType = wrapper.framework; includeInIndex = 0; path = libresip.framework; sourceTree = BUILT_PRODUCTS_DIR; };
		859D3D451628D6A400385248 /* Cocoa.framework */ = {isa = PBXFileReference; lastKnownFileType = wrapper.framework; name = Cocoa.framework; path = Library/Frameworks/Cocoa.framework; sourceTree = DEVELOPER_DIR; };
		859D3D481628D6A400385248 /* AppKit.framework */ = {isa = PBXFileReference; lastKnownFileType = wrapper.framework; name = AppKit.framework; path = Library/Frameworks/AppKit.framework; sourceTree = SDKROOT; };
		859D3D491628D6A400385248 /* CoreData.framework */ = {isa = PBXFileReference; lastKnownFileType = wrapper.framework; name = CoreData.framework; path = Library/Frameworks/CoreData.framework; sourceTree = SDKROOT; };
		859D3D4A1628D6A400385248 /* Foundation.framework */ = {isa = PBXFileReference; lastKnownFileType = wrapper.framework; name = Foundation.framework; path = Library/Frameworks/Foundation.framework; sourceTree = SDKROOT; };
		859D3D4D1628D6A400385248 /* libresip-osx-Info.plist */ = {isa = PBXFileReference; lastKnownFileType = text.plist.xml; path = "libresip-osx-Info.plist"; sourceTree = "<group>"; };
		859D3D4F1628D6A400385248 /* en */ = {isa = PBXFileReference; lastKnownFileType = text.plist.strings; name = en; path = en.lproj/InfoPlist.strings; sourceTree = "<group>"; };
		859D3D511628D6A400385248 /* libresip-osx-Prefix.pch */ = {isa = PBXFileReference; lastKnownFileType = sourcecode.c.h; path = "libresip-osx-Prefix.pch"; sourceTree = "<group>"; };
		859D3D521628D6A400385248 /* libresip_osx.h */ = {isa = PBXFileReference; lastKnownFileType = sourcecode.c.h; path = libresip_osx.h; sourceTree = "<group>"; };
		859D3D531628D6A400385248 /* libresip_osx.m */ = {isa = PBXFileReference; lastKnownFileType = sourcecode.c.objc; path = libresip_osx.m; sourceTree = "<group>"; };
		859D3D8E1628D99F00385248 /* AudioUnit.framework */ = {isa = PBXFileReference; lastKnownFileType = wrapper.framework; name = AudioUnit.framework; path = Platforms/MacOSX.platform/Developer/SDKs/MacOSX10.8.sdk/System/Library/Frameworks/AudioUnit.framework; sourceTree = DEVELOPER_DIR; };
		85AA388F16F8F7C700701FCA /* libmsgpack.a */ = {isa = PBXFileReference; lastKnownFileType = archive.ar; name = libmsgpack.a; path = deps/libmsgpack.a; sourceTree = "<group>"; };
		85B57C781632999000456ADD /* CoreAudio.framework */ = {isa = PBXFileReference; lastKnownFileType = wrapper.framework; name = CoreAudio.framework; path = Platforms/MacOSX.platform/Developer/SDKs/MacOSX10.8.sdk/System/Library/Frameworks/CoreAudio.framework; sourceTree = DEVELOPER_DIR; };
		85B57C7B163299AD00456ADD /* CoreAudio.framework */ = {isa = PBXFileReference; lastKnownFileType = wrapper.framework; name = CoreAudio.framework; path = System/Library/Frameworks/CoreAudio.framework; sourceTree = SDKROOT; };
		85B57C7D163299B100456ADD /* AudioToolbox.framework */ = {isa = PBXFileReference; lastKnownFileType = wrapper.framework; name = AudioToolbox.framework; path = System/Library/Frameworks/AudioToolbox.framework; sourceTree = SDKROOT; };
		85D64144163C62EA008D3974 /* AudioToolbox.framework */ = {isa = PBXFileReference; lastKnownFileType = wrapper.framework; name = AudioToolbox.framework; path = Platforms/MacOSX.platform/Developer/SDKs/MacOSX10.8.sdk/System/Library/Frameworks/AudioToolbox.framework; sourceTree = DEVELOPER_DIR; };
		85DBA21D16FCC4C500FB7B84 /* TXHttp.h */ = {isa = PBXFileReference; fileEncoding = 4; lastKnownFileType = sourcecode.c.h; name = TXHttp.h; path = utils/TXHttp.h; sourceTree = "<group>"; };
		85DBA21E16FCC4C500FB7B84 /* TXHttp.m */ = {isa = PBXFileReference; fileEncoding = 4; lastKnownFileType = sourcecode.c.objc; name = TXHttp.m; path = utils/TXHttp.m; sourceTree = "<group>"; };
		85EF252416F3CCEC00068C00 /* cross.h */ = {isa = PBXFileReference; fileEncoding = 4; lastKnownFileType = sourcecode.c.h; path = cross.h; sourceTree = "<group>"; };
		85FF73D8162909F4005C64D5 /* aes.h */ = {isa = PBXFileReference; fileEncoding = 4; lastKnownFileType = sourcecode.c.h; path = aes.h; sourceTree = "<group>"; };
		85FF73D9162909F4005C64D5 /* asn1.h */ = {isa = PBXFileReference; fileEncoding = 4; lastKnownFileType = sourcecode.c.h; path = asn1.h; sourceTree = "<group>"; };
		85FF73DA162909F4005C64D5 /* asn1_mac.h */ = {isa = PBXFileReference; fileEncoding = 4; lastKnownFileType = sourcecode.c.h; path = asn1_mac.h; sourceTree = "<group>"; };
		85FF73DB162909F4005C64D5 /* asn1t.h */ = {isa = PBXFileReference; fileEncoding = 4; lastKnownFileType = sourcecode.c.h; path = asn1t.h; sourceTree = "<group>"; };
		85FF73DC162909F4005C64D5 /* bio.h */ = {isa = PBXFileReference; fileEncoding = 4; lastKnownFileType = sourcecode.c.h; path = bio.h; sourceTree = "<group>"; };
		85FF73DD162909F4005C64D5 /* blowfish.h */ = {isa = PBXFileReference; fileEncoding = 4; lastKnownFileType = sourcecode.c.h; path = blowfish.h; sourceTree = "<group>"; };
		85FF73DE162909F4005C64D5 /* bn.h */ = {isa = PBXFileReference; fileEncoding = 4; lastKnownFileType = sourcecode.c.h; path = bn.h; sourceTree = "<group>"; };
		85FF73DF162909F4005C64D5 /* buffer.h */ = {isa = PBXFileReference; fileEncoding = 4; lastKnownFileType = sourcecode.c.h; path = buffer.h; sourceTree = "<group>"; };
		85FF73E0162909F4005C64D5 /* camellia.h */ = {isa = PBXFileReference; fileEncoding = 4; lastKnownFileType = sourcecode.c.h; path = camellia.h; sourceTree = "<group>"; };
		85FF73E1162909F4005C64D5 /* cast.h */ = {isa = PBXFileReference; fileEncoding = 4; lastKnownFileType = sourcecode.c.h; path = cast.h; sourceTree = "<group>"; };
		85FF73E2162909F4005C64D5 /* cmac.h */ = {isa = PBXFileReference; fileEncoding = 4; lastKnownFileType = sourcecode.c.h; path = cmac.h; sourceTree = "<group>"; };
		85FF73E3162909F4005C64D5 /* cms.h */ = {isa = PBXFileReference; fileEncoding = 4; lastKnownFileType = sourcecode.c.h; path = cms.h; sourceTree = "<group>"; };
		85FF73E4162909F4005C64D5 /* comp.h */ = {isa = PBXFileReference; fileEncoding = 4; lastKnownFileType = sourcecode.c.h; path = comp.h; sourceTree = "<group>"; };
		85FF73E5162909F4005C64D5 /* conf.h */ = {isa = PBXFileReference; fileEncoding = 4; lastKnownFileType = sourcecode.c.h; path = conf.h; sourceTree = "<group>"; };
		85FF73E6162909F4005C64D5 /* conf_api.h */ = {isa = PBXFileReference; fileEncoding = 4; lastKnownFileType = sourcecode.c.h; path = conf_api.h; sourceTree = "<group>"; };
		85FF73E7162909F4005C64D5 /* crypto.h */ = {isa = PBXFileReference; fileEncoding = 4; lastKnownFileType = sourcecode.c.h; path = crypto.h; sourceTree = "<group>"; };
		85FF73E8162909F4005C64D5 /* des.h */ = {isa = PBXFileReference; fileEncoding = 4; lastKnownFileType = sourcecode.c.h; path = des.h; sourceTree = "<group>"; };
		85FF73E9162909F4005C64D5 /* des_old.h */ = {isa = PBXFileReference; fileEncoding = 4; lastKnownFileType = sourcecode.c.h; path = des_old.h; sourceTree = "<group>"; };
		85FF73EA162909F4005C64D5 /* dh.h */ = {isa = PBXFileReference; fileEncoding = 4; lastKnownFileType = sourcecode.c.h; path = dh.h; sourceTree = "<group>"; };
		85FF73EB162909F4005C64D5 /* dsa.h */ = {isa = PBXFileReference; fileEncoding = 4; lastKnownFileType = sourcecode.c.h; path = dsa.h; sourceTree = "<group>"; };
		85FF73EC162909F4005C64D5 /* dso.h */ = {isa = PBXFileReference; fileEncoding = 4; lastKnownFileType = sourcecode.c.h; path = dso.h; sourceTree = "<group>"; };
		85FF73ED162909F4005C64D5 /* dtls1.h */ = {isa = PBXFileReference; fileEncoding = 4; lastKnownFileType = sourcecode.c.h; path = dtls1.h; sourceTree = "<group>"; };
		85FF73EE162909F4005C64D5 /* e_os2.h */ = {isa = PBXFileReference; fileEncoding = 4; lastKnownFileType = sourcecode.c.h; path = e_os2.h; sourceTree = "<group>"; };
		85FF73EF162909F4005C64D5 /* ebcdic.h */ = {isa = PBXFileReference; fileEncoding = 4; lastKnownFileType = sourcecode.c.h; path = ebcdic.h; sourceTree = "<group>"; };
		85FF73F0162909F4005C64D5 /* ec.h */ = {isa = PBXFileReference; fileEncoding = 4; lastKnownFileType = sourcecode.c.h; path = ec.h; sourceTree = "<group>"; };
		85FF73F1162909F4005C64D5 /* ecdh.h */ = {isa = PBXFileReference; fileEncoding = 4; lastKnownFileType = sourcecode.c.h; path = ecdh.h; sourceTree = "<group>"; };
		85FF73F2162909F4005C64D5 /* ecdsa.h */ = {isa = PBXFileReference; fileEncoding = 4; lastKnownFileType = sourcecode.c.h; path = ecdsa.h; sourceTree = "<group>"; };
		85FF73F3162909F4005C64D5 /* engine.h */ = {isa = PBXFileReference; fileEncoding = 4; lastKnownFileType = sourcecode.c.h; path = engine.h; sourceTree = "<group>"; };
		85FF73F4162909F4005C64D5 /* err.h */ = {isa = PBXFileReference; fileEncoding = 4; lastKnownFileType = sourcecode.c.h; path = err.h; sourceTree = "<group>"; };
		85FF73F5162909F4005C64D5 /* evp.h */ = {isa = PBXFileReference; fileEncoding = 4; lastKnownFileType = sourcecode.c.h; path = evp.h; sourceTree = "<group>"; };
		85FF73F6162909F4005C64D5 /* hmac.h */ = {isa = PBXFileReference; fileEncoding = 4; lastKnownFileType = sourcecode.c.h; path = hmac.h; sourceTree = "<group>"; };
		85FF73F7162909F4005C64D5 /* idea.h */ = {isa = PBXFileReference; fileEncoding = 4; lastKnownFileType = sourcecode.c.h; path = idea.h; sourceTree = "<group>"; };
		85FF73F8162909F4005C64D5 /* krb5_asn.h */ = {isa = PBXFileReference; fileEncoding = 4; lastKnownFileType = sourcecode.c.h; path = krb5_asn.h; sourceTree = "<group>"; };
		85FF73F9162909F4005C64D5 /* kssl.h */ = {isa = PBXFileReference; fileEncoding = 4; lastKnownFileType = sourcecode.c.h; path = kssl.h; sourceTree = "<group>"; };
		85FF73FA162909F4005C64D5 /* lhash.h */ = {isa = PBXFileReference; fileEncoding = 4; lastKnownFileType = sourcecode.c.h; path = lhash.h; sourceTree = "<group>"; };
		85FF73FB162909F4005C64D5 /* md4.h */ = {isa = PBXFileReference; fileEncoding = 4; lastKnownFileType = sourcecode.c.h; path = md4.h; sourceTree = "<group>"; };
		85FF73FC162909F4005C64D5 /* md5.h */ = {isa = PBXFileReference; fileEncoding = 4; lastKnownFileType = sourcecode.c.h; path = md5.h; sourceTree = "<group>"; };
		85FF73FD162909F4005C64D5 /* mdc2.h */ = {isa = PBXFileReference; fileEncoding = 4; lastKnownFileType = sourcecode.c.h; path = mdc2.h; sourceTree = "<group>"; };
		85FF73FE162909F4005C64D5 /* modes.h */ = {isa = PBXFileReference; fileEncoding = 4; lastKnownFileType = sourcecode.c.h; path = modes.h; sourceTree = "<group>"; };
		85FF73FF162909F4005C64D5 /* obj_mac.h */ = {isa = PBXFileReference; fileEncoding = 4; lastKnownFileType = sourcecode.c.h; path = obj_mac.h; sourceTree = "<group>"; };
		85FF7400162909F4005C64D5 /* objects.h */ = {isa = PBXFileReference; fileEncoding = 4; lastKnownFileType = sourcecode.c.h; path = objects.h; sourceTree = "<group>"; };
		85FF7401162909F4005C64D5 /* ocsp.h */ = {isa = PBXFileReference; fileEncoding = 4; lastKnownFileType = sourcecode.c.h; path = ocsp.h; sourceTree = "<group>"; };
		85FF7402162909F4005C64D5 /* opensslconf.h */ = {isa = PBXFileReference; fileEncoding = 4; lastKnownFileType = sourcecode.c.h; path = opensslconf.h; sourceTree = "<group>"; };
		85FF7403162909F4005C64D5 /* opensslv.h */ = {isa = PBXFileReference; fileEncoding = 4; lastKnownFileType = sourcecode.c.h; path = opensslv.h; sourceTree = "<group>"; };
		85FF7404162909F4005C64D5 /* ossl_typ.h */ = {isa = PBXFileReference; fileEncoding = 4; lastKnownFileType = sourcecode.c.h; path = ossl_typ.h; sourceTree = "<group>"; };
		85FF7405162909F4005C64D5 /* pem.h */ = {isa = PBXFileReference; fileEncoding = 4; lastKnownFileType = sourcecode.c.h; path = pem.h; sourceTree = "<group>"; };
		85FF7406162909F4005C64D5 /* pem2.h */ = {isa = PBXFileReference; fileEncoding = 4; lastKnownFileType = sourcecode.c.h; path = pem2.h; sourceTree = "<group>"; };
		85FF7407162909F4005C64D5 /* pkcs12.h */ = {isa = PBXFileReference; fileEncoding = 4; lastKnownFileType = sourcecode.c.h; path = pkcs12.h; sourceTree = "<group>"; };
		85FF7408162909F4005C64D5 /* pkcs7.h */ = {isa = PBXFileReference; fileEncoding = 4; lastKnownFileType = sourcecode.c.h; path = pkcs7.h; sourceTree = "<group>"; };
		85FF7409162909F4005C64D5 /* pqueue.h */ = {isa = PBXFileReference; fileEncoding = 4; lastKnownFileType = sourcecode.c.h; path = pqueue.h; sourceTree = "<group>"; };
		85FF740A162909F4005C64D5 /* rand.h */ = {isa = PBXFileReference; fileEncoding = 4; lastKnownFileType = sourcecode.c.h; path = rand.h; sourceTree = "<group>"; };
		85FF740B162909F4005C64D5 /* rc2.h */ = {isa = PBXFileReference; fileEncoding = 4; lastKnownFileType = sourcecode.c.h; path = rc2.h; sourceTree = "<group>"; };
		85FF740C162909F4005C64D5 /* rc4.h */ = {isa = PBXFileReference; fileEncoding = 4; lastKnownFileType = sourcecode.c.h; path = rc4.h; sourceTree = "<group>"; };
		85FF740D162909F4005C64D5 /* ripemd.h */ = {isa = PBXFileReference; fileEncoding = 4; lastKnownFileType = sourcecode.c.h; path = ripemd.h; sourceTree = "<group>"; };
		85FF740E162909F4005C64D5 /* rsa.h */ = {isa = PBXFileReference; fileEncoding = 4; lastKnownFileType = sourcecode.c.h; path = rsa.h; sourceTree = "<group>"; };
		85FF740F162909F4005C64D5 /* safestack.h */ = {isa = PBXFileReference; fileEncoding = 4; lastKnownFileType = sourcecode.c.h; path = safestack.h; sourceTree = "<group>"; };
		85FF7410162909F4005C64D5 /* seed.h */ = {isa = PBXFileReference; fileEncoding = 4; lastKnownFileType = sourcecode.c.h; path = seed.h; sourceTree = "<group>"; };
		85FF7411162909F4005C64D5 /* sha.h */ = {isa = PBXFileReference; fileEncoding = 4; lastKnownFileType = sourcecode.c.h; path = sha.h; sourceTree = "<group>"; };
		85FF7412162909F4005C64D5 /* srp.h */ = {isa = PBXFileReference; fileEncoding = 4; lastKnownFileType = sourcecode.c.h; path = srp.h; sourceTree = "<group>"; };
		85FF7413162909F4005C64D5 /* srtp.h */ = {isa = PBXFileReference; fileEncoding = 4; lastKnownFileType = sourcecode.c.h; path = srtp.h; sourceTree = "<group>"; };
		85FF7414162909F4005C64D5 /* ssl.h */ = {isa = PBXFileReference; fileEncoding = 4; lastKnownFileType = sourcecode.c.h; path = ssl.h; sourceTree = "<group>"; };
		85FF7415162909F4005C64D5 /* ssl2.h */ = {isa = PBXFileReference; fileEncoding = 4; lastKnownFileType = sourcecode.c.h; path = ssl2.h; sourceTree = "<group>"; };
		85FF7416162909F4005C64D5 /* ssl23.h */ = {isa = PBXFileReference; fileEncoding = 4; lastKnownFileType = sourcecode.c.h; path = ssl23.h; sourceTree = "<group>"; };
		85FF7417162909F4005C64D5 /* ssl3.h */ = {isa = PBXFileReference; fileEncoding = 4; lastKnownFileType = sourcecode.c.h; path = ssl3.h; sourceTree = "<group>"; };
		85FF7418162909F4005C64D5 /* stack.h */ = {isa = PBXFileReference; fileEncoding = 4; lastKnownFileType = sourcecode.c.h; path = stack.h; sourceTree = "<group>"; };
		85FF7419162909F4005C64D5 /* symhacks.h */ = {isa = PBXFileReference; fileEncoding = 4; lastKnownFileType = sourcecode.c.h; path = symhacks.h; sourceTree = "<group>"; };
		85FF741A162909F4005C64D5 /* tls1.h */ = {isa = PBXFileReference; fileEncoding = 4; lastKnownFileType = sourcecode.c.h; path = tls1.h; sourceTree = "<group>"; };
		85FF741B162909F4005C64D5 /* ts.h */ = {isa = PBXFileReference; fileEncoding = 4; lastKnownFileType = sourcecode.c.h; path = ts.h; sourceTree = "<group>"; };
		85FF741C162909F4005C64D5 /* txt_db.h */ = {isa = PBXFileReference; fileEncoding = 4; lastKnownFileType = sourcecode.c.h; path = txt_db.h; sourceTree = "<group>"; };
		85FF741D162909F4005C64D5 /* ui.h */ = {isa = PBXFileReference; fileEncoding = 4; lastKnownFileType = sourcecode.c.h; path = ui.h; sourceTree = "<group>"; };
		85FF741E162909F4005C64D5 /* ui_compat.h */ = {isa = PBXFileReference; fileEncoding = 4; lastKnownFileType = sourcecode.c.h; path = ui_compat.h; sourceTree = "<group>"; };
		85FF741F162909F4005C64D5 /* whrlpool.h */ = {isa = PBXFileReference; fileEncoding = 4; lastKnownFileType = sourcecode.c.h; path = whrlpool.h; sourceTree = "<group>"; };
		85FF7420162909F4005C64D5 /* x509.h */ = {isa = PBXFileReference; fileEncoding = 4; lastKnownFileType = sourcecode.c.h; path = x509.h; sourceTree = "<group>"; };
		85FF7421162909F4005C64D5 /* x509_vfy.h */ = {isa = PBXFileReference; fileEncoding = 4; lastKnownFileType = sourcecode.c.h; path = x509_vfy.h; sourceTree = "<group>"; };
		85FF7422162909F4005C64D5 /* x509v3.h */ = {isa = PBXFileReference; fileEncoding = 4; lastKnownFileType = sourcecode.c.h; path = x509v3.h; sourceTree = "<group>"; };
		85FF742316290A60005C64D5 /* libcrypto.a */ = {isa = PBXFileReference; lastKnownFileType = archive.ar; name = libcrypto.a; path = deps/libcrypto.a; sourceTree = "<group>"; };
		85FF742416290A60005C64D5 /* libssl.a */ = {isa = PBXFileReference; lastKnownFileType = archive.ar; name = libssl.a; path = deps/libssl.a; sourceTree = "<group>"; };
/* End PBXFileReference section */

/* Begin PBXFrameworksBuildPhase section */
		8502779B1625B53E00AB5038 /* Frameworks */ = {
			isa = PBXFrameworksBuildPhase;
			buildActionMask = 2147483647;
			files = (
				8517ADFE168B98D500EEFE37 /* MobileCoreServices.framework in Frameworks */,
				8561505C1664D3A600DBCFD5 /* libopus.a in Frameworks */,
				8523A5CB1650E3220071C23F /* libsrtp.a in Frameworks */,
				85B57C7E163299B100456ADD /* AudioToolbox.framework in Frameworks */,
				85B57C7C163299AD00456ADD /* CoreAudio.framework in Frameworks */,
				855707631629201300407CCC /* libre.a in Frameworks */,
				85FF742516290A60005C64D5 /* libcrypto.a in Frameworks */,
				85FF742616290A60005C64D5 /* libssl.a in Frameworks */,
				850277A21625B53E00AB5038 /* Foundation.framework in Frameworks */,
				855707031629185700407CCC /* libspeexdsp.a in Frameworks */,
				855707041629185700407CCC /* libspeex.a in Frameworks */,
				85AA389016F8F7C700701FCA /* libmsgpack.a in Frameworks */,
			);
			runOnlyForDeploymentPostprocessing = 0;
		};
		859D3D401628D6A400385248 /* Frameworks */ = {
			isa = PBXFrameworksBuildPhase;
			buildActionMask = 2147483647;
			files = (
				8561505B1664D34100DBCFD5 /* libopus.a in Frameworks */,
				8523A5CD1650E3520071C23F /* libsrtp.a in Frameworks */,
				85D6414F163C62F4008D3974 /* CoreAudio.framework in Frameworks */,
				85B57C7A1632999F00456ADD /* AudioUnit.framework in Frameworks */,
				8557076216291C9000407CCC /* libre.a in Frameworks */,
				8557070B1629192800407CCC /* libcrypto.dylib in Frameworks */,
				8557070A1629191A00407CCC /* libssl.dylib in Frameworks */,
				8527169A1628F3B200C4B8DD /* libz.dylib in Frameworks */,
				852716941628F39A00C4B8DD /* libresolv.dylib in Frameworks */,
				852716921628F35B00C4B8DD /* SystemConfiguration.framework in Frameworks */,
				859D3D461628D6A400385248 /* Cocoa.framework in Frameworks */,
				855707061629187C00407CCC /* libspeexdsp.a in Frameworks */,
				855707071629188000407CCC /* libspeex.a in Frameworks */,
				85AA389116F8F7C700701FCA /* libmsgpack.a in Frameworks */,
			);
			runOnlyForDeploymentPostprocessing = 0;
		};
/* End PBXFrameworksBuildPhase section */

/* Begin PBXGroup section */
		850277931625B53E00AB5038 = {
			isa = PBXGroup;
			children = (
				85D64144163C62EA008D3974 /* AudioToolbox.framework */,
				85B57C7D163299B100456ADD /* AudioToolbox.framework */,
				85B57C7B163299AD00456ADD /* CoreAudio.framework */,
				85B57C781632999000456ADD /* CoreAudio.framework */,
				852716911628F35B00C4B8DD /* SystemConfiguration.framework */,
				859D3D8E1628D99F00385248 /* AudioUnit.framework */,
				8517ADCA168B2FAC00EEFE37 /* Security.framework */,
				8517ADF9168B986E00EEFE37 /* Security.framework */,
				8517ADFB168B989600EEFE37 /* CFNetwork.framework */,
				8517ADFD168B98D500EEFE37 /* MobileCoreServices.framework */,
				855706FF1629185700407CCC /* libre.a */,
				855707001629185700407CCC /* libspeexdsp.a */,
				855707011629185700407CCC /* libspeex.a */,
				85FF742316290A60005C64D5 /* libcrypto.a */,
				85FF742416290A60005C64D5 /* libssl.a */,
				8523A5CA1650E3220071C23F /* libsrtp.a */,
				852716991628F3B200C4B8DD /* libz.dylib */,
				852716971628F3AA00C4B8DD /* libcrypto.dylib */,
				852716951628F3A300C4B8DD /* libssl.dylib */,
				852716931628F39A00C4B8DD /* libresolv.dylib */,
				8561505A1664D34000DBCFD5 /* libopus.a */,
				85AA388F16F8F7C700701FCA /* libmsgpack.a */,
				85FF73D5162909E3005C64D5 /* deps */,
				852DA29C16A01AD400AF5677 /* rewrap */,
				853B201C169F1DE700F423DB /* http.c */,
				852DA29F16A05CEE00AF5677 /* auth.c */,
				853B201D169F1DE700F423DB /* http.h */,
				8557C90416A5E7E20019AD75 /* codecs */,
				8507AAE51628BD8300CE9AE6 /* JSONKit */,
				850277DB1625B5A400AB5038 /* util */,
				850277A31625B53E00AB5038 /* libresip */,
				859D3D4B1628D6A400385248 /* libresip-osx */,
				850277A01625B53E00AB5038 /* Frameworks */,
				8502779F1625B53E00AB5038 /* Products */,
			);
			sourceTree = "<group>";
		};
		8502779F1625B53E00AB5038 /* Products */ = {
			isa = PBXGroup;
			children = (
				8502779E1625B53E00AB5038 /* liblibresip.a */,
				859D3D441628D6A400385248 /* libresip.framework */,
			);
			name = Products;
			sourceTree = "<group>";
		};
		850277A01625B53E00AB5038 /* Frameworks */ = {
			isa = PBXGroup;
			children = (
				850277A11625B53E00AB5038 /* Foundation.framework */,
				859D3D451628D6A400385248 /* Cocoa.framework */,
				859D3D471628D6A400385248 /* Other Frameworks */,
			);
			name = Frameworks;
			sourceTree = "<group>";
		};
		850277A31625B53E00AB5038 /* libresip */ = {
			isa = PBXGroup;
			children = (
				8548DF8316FF041700494FB9 /* tcmedia.h */,
				8548DF8416FF041700494FB9 /* tcmedia.c */,
				8548DF7E16FEE92E00494FB9 /* tcsipcall.c */,
				8548DF7F16FEE92F00494FB9 /* tcsipcall.h */,
				8548DF7916FE246300494FB9 /* tcsipreg.h */,
				8548DF7A16FE246300494FB9 /* tcsipreg.c */,
				8548DF7416FDEA3E00494FB9 /* tcsipuser.c */,
				8548DF7516FDEA3E00494FB9 /* tcsipuser.h */,
				8548DF6D16FDD6B600494FB9 /* strmacro.h */,
				85EF252416F3CCEC00068C00 /* cross.h */,
				8585A26B16527CBB00380B9C /* ajitter.h */,
				8585A26716527CB000380B9C /* ajitter.c */,
				8580184A1636FEFE00E9D54B /* txsip_private.h */,
				8507AA8E1628ADF700CE9AE6 /* TXAccount.m */,
				8507AA8F1628ADF700CE9AE6 /* TXAccount.h */,
				850277B91625B59700AB5038 /* sound_utils.c */,
				850277BA1625B59700AB5038 /* sound_utils.h */,
				850277BB1625B59700AB5038 /* sound.c */,
				850277BC1625B59700AB5038 /* sound.h */,
				850277C31625B59700AB5038 /* TXSip.h */,
				850277C41625B59700AB5038 /* TXSip.m */,
				850277CD1625B59800AB5038 /* TXSipUser.h */,
				850277CE1625B59800AB5038 /* TXSipUser.m */,
				850277A61625B53E00AB5038 /* libresip.h */,
				850277A81625B53E00AB5038 /* libresip.m */,
				850277A41625B53E00AB5038 /* Supporting Files */,
				858AC77A168DEABF00BA64C9 /* TXKey.h */,
				858AC77B168DEABF00BA64C9 /* TXKey.m */,
				8548DF6816FDD4EA00494FB9 /* TXSipReport.h */,
				8548DF6916FDD4EA00494FB9 /* TXSipReport.m */,
				8548DF6F16FDDC7300494FB9 /* TXSipIpc.h */,
				8548DF7016FDDC7300494FB9 /* TXSipIpc.m */,
			);
			path = libresip;
			sourceTree = "<group>";
		};
		850277A41625B53E00AB5038 /* Supporting Files */ = {
			isa = PBXGroup;
			children = (
				850277A51625B53E00AB5038 /* libresip-Prefix.pch */,
			);
			name = "Supporting Files";
			sourceTree = "<group>";
		};
		850277DB1625B5A400AB5038 /* util */ = {
			isa = PBXGroup;
			children = (
				8520171816EAE4380020BC02 /* TXUplinks.h */,
				8520171916EAE4380020BC02 /* TXUplinks.m */,
				8507AAA71628B6BC00CE9AE6 /* TXRestApi.h */,
				8507AAA81628B6BC00CE9AE6 /* TXRestApi.m */,
				8507AA921628AEEF00CE9AE6 /* Callback.m */,
				8507AA931628AEEF00CE9AE6 /* Callback.h */,
				850277DD1625B5C300AB5038 /* MailBox.h */,
				850277DE1625B5C300AB5038 /* MailBox.m */,
				85DBA21D16FCC4C500FB7B84 /* TXHttp.h */,
				85DBA21E16FCC4C500FB7B84 /* TXHttp.m */,
			);
			name = util;
			sourceTree = "<group>";
		};
		8507AAE51628BD8300CE9AE6 /* JSONKit */ = {
			isa = PBXGroup;
			children = (
				8507AAE61628BD9400CE9AE6 /* JSONKit.h */,
				8507AAE71628BD9400CE9AE6 /* JSONKit.m */,
			);
			name = JSONKit;
			sourceTree = "<group>";
		};
		852DA29C16A01AD400AF5677 /* rewrap */ = {
			isa = PBXGroup;
			children = (
				852DA29D16A01AE400AF5677 /* re_wrap_priv.h */,
				852DA29616A00DE500AF5677 /* ReWrap.m */,
				852DA29516A00DE500AF5677 /* ReWrap.h */,
			);
			name = rewrap;
			sourceTree = "<group>";
		};
		8557C90416A5E7E20019AD75 /* codecs */ = {
			isa = PBXGroup;
			children = (
				856150461664C70A00DBCFD5 /* rtp_opus.c */,
				856150471664C70B00DBCFD5 /* rtp_pcmu.c */,
				856150481664C70B00DBCFD5 /* rtp_speex.c */,
				858406861656933000BE8EB6 /* rtp_io.h */,
				858406871656933000BE8EB6 /* rtp_io.c */,
				8561504F1664D20200DBCFD5 /* opus */,
				8561503F1664B5AC00DBCFD5 /* g711 */,
			);
			name = codecs;
			path = g711;
			sourceTree = "<group>";
		};
		8561503F1664B5AC00DBCFD5 /* g711 */ = {
			isa = PBXGroup;
			children = (
				856150401664B5AC00DBCFD5 /* g711.c */,
				856150411664B5AC00DBCFD5 /* g711.h */,
			);
			name = g711;
			sourceTree = "<group>";
		};
		8561504F1664D20200DBCFD5 /* opus */ = {
			isa = PBXGroup;
			children = (
				856150501664D20200DBCFD5 /* opus.h */,
				856150511664D20200DBCFD5 /* opus_custom.h */,
				856150521664D20200DBCFD5 /* opus_defines.h */,
				856150531664D20200DBCFD5 /* opus_multistream.h */,
				856150541664D20200DBCFD5 /* opus_types.h */,
			);
			name = opus;
			path = ../deps/include/opus;
			sourceTree = "<group>";
		};
		859D3D471628D6A400385248 /* Other Frameworks */ = {
			isa = PBXGroup;
			children = (
				859D3D481628D6A400385248 /* AppKit.framework */,
				859D3D491628D6A400385248 /* CoreData.framework */,
				859D3D4A1628D6A400385248 /* Foundation.framework */,
			);
			name = "Other Frameworks";
			sourceTree = "<group>";
		};
		859D3D4B1628D6A400385248 /* libresip-osx */ = {
			isa = PBXGroup;
			children = (
				859D3D521628D6A400385248 /* libresip_osx.h */,
				859D3D531628D6A400385248 /* libresip_osx.m */,
				859D3D4C1628D6A400385248 /* Supporting Files */,
			);
			path = "libresip-osx";
			sourceTree = "<group>";
		};
		859D3D4C1628D6A400385248 /* Supporting Files */ = {
			isa = PBXGroup;
			children = (
				859D3D4D1628D6A400385248 /* libresip-osx-Info.plist */,
				859D3D4E1628D6A400385248 /* InfoPlist.strings */,
				859D3D511628D6A400385248 /* libresip-osx-Prefix.pch */,
			);
			name = "Supporting Files";
			sourceTree = "<group>";
		};
		85FF73D5162909E3005C64D5 /* deps */ = {
			isa = PBXGroup;
			children = (
				85FF73D6162909F4005C64D5 /* include */,
			);
			name = deps;
			sourceTree = "<group>";
		};
		85FF73D6162909F4005C64D5 /* include */ = {
			isa = PBXGroup;
			children = (
				8557070E16291BA200407CCC /* re_base64.h */,
				8557070F16291BA200407CCC /* re_bfcp.h */,
				8557071016291BA200407CCC /* re_bitv.h */,
				8557071116291BA200407CCC /* re_conf.h */,
				8557071216291BA200407CCC /* re_crc32.h */,
				8557071316291BA200407CCC /* re_dbg.h */,
				8557071416291BA200407CCC /* re_dns.h */,
				8557071516291BA200407CCC /* re_fmt.h */,
				8557071616291BA200407CCC /* re_hash.h */,
				8557071716291BA200407CCC /* re_hmac.h */,
				8557071816291BA200407CCC /* re_httpauth.h */,
				8557071916291BA200407CCC /* re_ice.h */,
				8557071A16291BA200407CCC /* re_jbuf.h */,
				8557071B16291BA200407CCC /* re_list.h */,
				8557071C16291BA200407CCC /* re_lock.h */,
				8557071D16291BA200407CCC /* re_main.h */,
				8557071E16291BA200407CCC /* re_mbuf.h */,
				8557071F16291BA200407CCC /* re_md5.h */,
				8557072016291BA200407CCC /* re_mem.h */,
				8557072116291BA200407CCC /* re_mod.h */,
				8557072216291BA200407CCC /* re_mqueue.h */,
				8557072316291BA200407CCC /* re_natbd.h */,
				8557072416291BA200407CCC /* re_net.h */,
				8557072516291BA200407CCC /* re_rtp.h */,
				8557072616291BA200407CCC /* re_sa.h */,
				8557072716291BA200407CCC /* re_sdp.h */,
				8557072816291BA200407CCC /* re_sha.h */,
				8557072916291BA200407CCC /* re_sip.h */,
				8557072A16291BA200407CCC /* re_sipevent.h */,
				8557072B16291BA200407CCC /* re_sipreg.h */,
				8557072C16291BA200407CCC /* re_sipsess.h */,
				8557072D16291BA200407CCC /* re_stun.h */,
				8557072E16291BA200407CCC /* re_sys.h */,
				8557072F16291BA200407CCC /* re_tcp.h */,
				8557073016291BA200407CCC /* re_telev.h */,
				8557073116291BA200407CCC /* re_tls.h */,
				8557073216291BA200407CCC /* re_tmr.h */,
				8557073316291BA200407CCC /* re_turn.h */,
				8557073416291BA200407CCC /* re_types.h */,
				8557073516291BA200407CCC /* re_udp.h */,
				8557073616291BA200407CCC /* re_uri.h */,
				8557073716291BA200407CCC /* re.h */,
				85FF73D7162909F4005C64D5 /* openssl */,
			);
			name = include;
			path = deps/include;
			sourceTree = "<group>";
		};
		85FF73D7162909F4005C64D5 /* openssl */ = {
			isa = PBXGroup;
			children = (
				85FF73D8162909F4005C64D5 /* aes.h */,
				85FF73D9162909F4005C64D5 /* asn1.h */,
				85FF73DA162909F4005C64D5 /* asn1_mac.h */,
				85FF73DB162909F4005C64D5 /* asn1t.h */,
				85FF73DC162909F4005C64D5 /* bio.h */,
				85FF73DD162909F4005C64D5 /* blowfish.h */,
				85FF73DE162909F4005C64D5 /* bn.h */,
				85FF73DF162909F4005C64D5 /* buffer.h */,
				85FF73E0162909F4005C64D5 /* camellia.h */,
				85FF73E1162909F4005C64D5 /* cast.h */,
				85FF73E2162909F4005C64D5 /* cmac.h */,
				85FF73E3162909F4005C64D5 /* cms.h */,
				85FF73E4162909F4005C64D5 /* comp.h */,
				85FF73E5162909F4005C64D5 /* conf.h */,
				85FF73E6162909F4005C64D5 /* conf_api.h */,
				85FF73E7162909F4005C64D5 /* crypto.h */,
				85FF73E8162909F4005C64D5 /* des.h */,
				85FF73E9162909F4005C64D5 /* des_old.h */,
				85FF73EA162909F4005C64D5 /* dh.h */,
				85FF73EB162909F4005C64D5 /* dsa.h */,
				85FF73EC162909F4005C64D5 /* dso.h */,
				85FF73ED162909F4005C64D5 /* dtls1.h */,
				85FF73EE162909F4005C64D5 /* e_os2.h */,
				85FF73EF162909F4005C64D5 /* ebcdic.h */,
				85FF73F0162909F4005C64D5 /* ec.h */,
				85FF73F1162909F4005C64D5 /* ecdh.h */,
				85FF73F2162909F4005C64D5 /* ecdsa.h */,
				85FF73F3162909F4005C64D5 /* engine.h */,
				85FF73F4162909F4005C64D5 /* err.h */,
				85FF73F5162909F4005C64D5 /* evp.h */,
				85FF73F6162909F4005C64D5 /* hmac.h */,
				85FF73F7162909F4005C64D5 /* idea.h */,
				85FF73F8162909F4005C64D5 /* krb5_asn.h */,
				85FF73F9162909F4005C64D5 /* kssl.h */,
				85FF73FA162909F4005C64D5 /* lhash.h */,
				85FF73FB162909F4005C64D5 /* md4.h */,
				85FF73FC162909F4005C64D5 /* md5.h */,
				85FF73FD162909F4005C64D5 /* mdc2.h */,
				85FF73FE162909F4005C64D5 /* modes.h */,
				85FF73FF162909F4005C64D5 /* obj_mac.h */,
				85FF7400162909F4005C64D5 /* objects.h */,
				85FF7401162909F4005C64D5 /* ocsp.h */,
				85FF7402162909F4005C64D5 /* opensslconf.h */,
				85FF7403162909F4005C64D5 /* opensslv.h */,
				85FF7404162909F4005C64D5 /* ossl_typ.h */,
				85FF7405162909F4005C64D5 /* pem.h */,
				85FF7406162909F4005C64D5 /* pem2.h */,
				85FF7407162909F4005C64D5 /* pkcs12.h */,
				85FF7408162909F4005C64D5 /* pkcs7.h */,
				85FF7409162909F4005C64D5 /* pqueue.h */,
				85FF740A162909F4005C64D5 /* rand.h */,
				85FF740B162909F4005C64D5 /* rc2.h */,
				85FF740C162909F4005C64D5 /* rc4.h */,
				85FF740D162909F4005C64D5 /* ripemd.h */,
				85FF740E162909F4005C64D5 /* rsa.h */,
				85FF740F162909F4005C64D5 /* safestack.h */,
				85FF7410162909F4005C64D5 /* seed.h */,
				85FF7411162909F4005C64D5 /* sha.h */,
				85FF7412162909F4005C64D5 /* srp.h */,
				85FF7413162909F4005C64D5 /* srtp.h */,
				85FF7414162909F4005C64D5 /* ssl.h */,
				85FF7415162909F4005C64D5 /* ssl2.h */,
				85FF7416162909F4005C64D5 /* ssl23.h */,
				85FF7417162909F4005C64D5 /* ssl3.h */,
				85FF7418162909F4005C64D5 /* stack.h */,
				85FF7419162909F4005C64D5 /* symhacks.h */,
				85FF741A162909F4005C64D5 /* tls1.h */,
				85FF741B162909F4005C64D5 /* ts.h */,
				85FF741C162909F4005C64D5 /* txt_db.h */,
				85FF741D162909F4005C64D5 /* ui.h */,
				85FF741E162909F4005C64D5 /* ui_compat.h */,
				85FF741F162909F4005C64D5 /* whrlpool.h */,
				85FF7420162909F4005C64D5 /* x509.h */,
				85FF7421162909F4005C64D5 /* x509_vfy.h */,
				85FF7422162909F4005C64D5 /* x509v3.h */,
			);
			path = openssl;
			sourceTree = "<group>";
		};
/* End PBXGroup section */

/* Begin PBXHeadersBuildPhase section */
		859D3D411628D6A400385248 /* Headers */ = {
			isa = PBXHeadersBuildPhase;
			buildActionMask = 2147483647;
			files = (
				859D3D7E1628D6D300385248 /* TXAccount.h in Headers */,
				859D3D831628D79200385248 /* TXRestApi.h in Headers */,
				8527169B1628F48D00C4B8DD /* Callback.h in Headers */,
				85FF742F16291027005C64D5 /* TXSip.h in Headers */,
				85FF74301629103B005C64D5 /* TXSipUser.h in Headers */,
				85FF745C162910DD005C64D5 /* MailBox.h in Headers */,
				8545D51F164447E400DD7533 /* JSONKit.h in Headers */,
				852DA29716A00DE500AF5677 /* ReWrap.h in Headers */,
				85DBA21F16FCC4C500FB7B84 /* TXHttp.h in Headers */,
				8548DF6E16FDD6B600494FB9 /* strmacro.h in Headers */,
				8548DF7116FDDC7300494FB9 /* TXSipIpc.h in Headers */,
				8548DF7B16FE246300494FB9 /* tcsipreg.h in Headers */,
				8548DF8216FEE92F00494FB9 /* tcsipcall.h in Headers */,
				856150441664B5AC00DBCFD5 /* g711.h in Headers */,
				856150551664D20200DBCFD5 /* opus.h in Headers */,
				856150561664D20200DBCFD5 /* opus_custom.h in Headers */,
				856150571664D20200DBCFD5 /* opus_defines.h in Headers */,
				856150581664D20200DBCFD5 /* opus_multistream.h in Headers */,
				856150591664D20200DBCFD5 /* opus_types.h in Headers */,
				858AC77C168DEABF00BA64C9 /* TXKey.h in Headers */,
				853B2020169F1DE700F423DB /* http.h in Headers */,
				852DA29E16A01AE400AF5677 /* re_wrap_priv.h in Headers */,
				8520171A16EAE4380020BC02 /* TXUplinks.h in Headers */,
				85EF252616F3CDE200068C00 /* cross.h in Headers */,
				8548DF6A16FDD4EA00494FB9 /* TXSipReport.h in Headers */,
				8548DF7816FDEA3E00494FB9 /* tcsipuser.h in Headers */,
				8548DF8516FF041700494FB9 /* tcmedia.h in Headers */,
			);
			runOnlyForDeploymentPostprocessing = 0;
		};
/* End PBXHeadersBuildPhase section */

/* Begin PBXNativeTarget section */
		8502779D1625B53E00AB5038 /* libresip */ = {
			isa = PBXNativeTarget;
			buildConfigurationList = 850277AC1625B53E00AB5038 /* Build configuration list for PBXNativeTarget "libresip" */;
			buildPhases = (
				8502779A1625B53E00AB5038 /* Sources */,
				8502779B1625B53E00AB5038 /* Frameworks */,
				8502779C1625B53E00AB5038 /* CopyFiles */,
			);
			buildRules = (
			);
			dependencies = (
			);
			name = libresip;
			productName = libresip;
			productReference = 8502779E1625B53E00AB5038 /* liblibresip.a */;
			productType = "com.apple.product-type.library.static";
		};
		859D3D431628D6A400385248 /* libresip-osx */ = {
			isa = PBXNativeTarget;
			buildConfigurationList = 859D3D581628D6A400385248 /* Build configuration list for PBXNativeTarget "libresip-osx" */;
			buildPhases = (
				859D3D3F1628D6A400385248 /* Sources */,
				859D3D401628D6A400385248 /* Frameworks */,
				859D3D411628D6A400385248 /* Headers */,
				859D3D421628D6A400385248 /* Resources */,
			);
			buildRules = (
			);
			dependencies = (
			);
			name = "libresip-osx";
			productName = "libresip-osx";
			productReference = 859D3D441628D6A400385248 /* libresip.framework */;
			productType = "com.apple.product-type.framework";
		};
/* End PBXNativeTarget section */

/* Begin PBXProject section */
		850277951625B53E00AB5038 /* Project object */ = {
			isa = PBXProject;
			attributes = {
				LastUpgradeCheck = 0450;
				ORGANIZATIONNAME = enodev;
			};
			buildConfigurationList = 850277981625B53E00AB5038 /* Build configuration list for PBXProject "libresip" */;
			compatibilityVersion = "Xcode 3.2";
			developmentRegion = English;
			hasScannedForEncodings = 0;
			knownRegions = (
				en,
			);
			mainGroup = 850277931625B53E00AB5038;
			productRefGroup = 8502779F1625B53E00AB5038 /* Products */;
			projectDirPath = "";
			projectRoot = "";
			targets = (
				8502779D1625B53E00AB5038 /* libresip */,
				859D3D431628D6A400385248 /* libresip-osx */,
			);
		};
/* End PBXProject section */

/* Begin PBXResourcesBuildPhase section */
		859D3D421628D6A400385248 /* Resources */ = {
			isa = PBXResourcesBuildPhase;
			buildActionMask = 2147483647;
			files = (
				859D3D501628D6A400385248 /* InfoPlist.strings in Resources */,
			);
			runOnlyForDeploymentPostprocessing = 0;
		};
/* End PBXResourcesBuildPhase section */

/* Begin PBXSourcesBuildPhase section */
		8502779A1625B53E00AB5038 /* Sources */ = {
			isa = PBXSourcesBuildPhase;
			buildActionMask = 2147483647;
			files = (
				850277A91625B53E00AB5038 /* libresip.m in Sources */,
				850277CF1625B59800AB5038 /* sound_utils.c in Sources */,
				850277D01625B59800AB5038 /* sound.c in Sources */,
				850277D41625B59800AB5038 /* TXSip.m in Sources */,
				850277D91625B59800AB5038 /* TXSipUser.m in Sources */,
				850277E11625B5C300AB5038 /* MailBox.m in Sources */,
				8507AA901628ADF700CE9AE6 /* TXAccount.m in Sources */,
				8507AA941628AEEF00CE9AE6 /* Callback.m in Sources */,
				8507AAA91628B6BC00CE9AE6 /* TXRestApi.m in Sources */,
				8507AAE81628BD9400CE9AE6 /* JSONKit.m in Sources */,
				8585A26816527CB000380B9C /* ajitter.c in Sources */,
				858406881656933000BE8EB6 /* rtp_io.c in Sources */,
				856150421664B5AC00DBCFD5 /* g711.c in Sources */,
				856150491664C70B00DBCFD5 /* rtp_opus.c in Sources */,
				8561504B1664C70B00DBCFD5 /* rtp_pcmu.c in Sources */,
				8561504D1664C70B00DBCFD5 /* rtp_speex.c in Sources */,
				858AC77D168DEABF00BA64C9 /* TXKey.m in Sources */,
				853B201E169F1DE700F423DB /* http.c in Sources */,
				852DA29816A00DE500AF5677 /* ReWrap.m in Sources */,
				852DA2A016A05CEE00AF5677 /* auth.c in Sources */,
				8520171B16EAE4380020BC02 /* TXUplinks.m in Sources */,
				85DBA22016FCC4C500FB7B84 /* TXHttp.m in Sources */,
				8548DF6B16FDD4EA00494FB9 /* TXSipReport.m in Sources */,
				8548DF7216FDDC7300494FB9 /* TXSipIpc.m in Sources */,
				8548DF7616FDEA3E00494FB9 /* tcsipuser.c in Sources */,
				8548DF7C16FE246300494FB9 /* tcsipreg.c in Sources */,
				8548DF8016FEE92F00494FB9 /* tcsipcall.c in Sources */,
				8548DF8616FF041700494FB9 /* tcmedia.c in Sources */,
			);
			runOnlyForDeploymentPostprocessing = 0;
		};
		859D3D3F1628D6A400385248 /* Sources */ = {
			isa = PBXSourcesBuildPhase;
			buildActionMask = 2147483647;
			files = (
				859D3D5D1628D6BC00385248 /* JSONKit.m in Sources */,
				859D3D5F1628D6BC00385248 /* TXRestApi.m in Sources */,
				859D3D601628D6BC00385248 /* Callback.m in Sources */,
				859D3D631628D6BC00385248 /* MailBox.m in Sources */,
				859D3D661628D6BC00385248 /* TXAccount.m in Sources */,
				859D3D681628D6BC00385248 /* sound_utils.c in Sources */,
				859D3D6A1628D6BC00385248 /* sound.c in Sources */,
				859D3D731628D6BC00385248 /* TXSip.m in Sources */,
				859D3D7D1628D6BC00385248 /* TXSipUser.m in Sources */,
				8585A26916527CB000380B9C /* ajitter.c in Sources */,
				8584068A1656934C00BE8EB6 /* rtp_io.c in Sources */,
				856150431664B5AC00DBCFD5 /* g711.c in Sources */,
				8561504A1664C70B00DBCFD5 /* rtp_opus.c in Sources */,
				8561504C1664C70B00DBCFD5 /* rtp_pcmu.c in Sources */,
				8561504E1664C70B00DBCFD5 /* rtp_speex.c in Sources */,
				858AC77E168DEABF00BA64C9 /* TXKey.m in Sources */,
				853B201F169F1DE700F423DB /* http.c in Sources */,
				852DA29916A00DE500AF5677 /* ReWrap.m in Sources */,
				852DA2A116A05CEE00AF5677 /* auth.c in Sources */,
				8520171C16EAE4380020BC02 /* TXUplinks.m in Sources */,
				85DBA22116FCC4C500FB7B84 /* TXHttp.m in Sources */,
				8548DF6C16FDD4EA00494FB9 /* TXSipReport.m in Sources */,
				8548DF7316FDDC7300494FB9 /* TXSipIpc.m in Sources */,
				8548DF7716FDEA3E00494FB9 /* tcsipuser.c in Sources */,
				8548DF7D16FE246300494FB9 /* tcsipreg.c in Sources */,
				8548DF8116FEE92F00494FB9 /* tcsipcall.c in Sources */,
				8548DF8716FF041700494FB9 /* tcmedia.c in Sources */,
			);
			runOnlyForDeploymentPostprocessing = 0;
		};
/* End PBXSourcesBuildPhase section */

/* Begin PBXVariantGroup section */
		859D3D4E1628D6A400385248 /* InfoPlist.strings */ = {
			isa = PBXVariantGroup;
			children = (
				859D3D4F1628D6A400385248 /* en */,
			);
			name = InfoPlist.strings;
			sourceTree = "<group>";
		};
/* End PBXVariantGroup section */

/* Begin XCBuildConfiguration section */
		850277AA1625B53E00AB5038 /* Debug */ = {
			isa = XCBuildConfiguration;
			buildSettings = {
				ALWAYS_SEARCH_USER_PATHS = NO;
				ARCHS = "$(ARCHS_STANDARD_32_BIT)";
				CLANG_CXX_LANGUAGE_STANDARD = "gnu++0x";
				CLANG_ENABLE_OBJC_ARC = YES;
				CLANG_WARN__DUPLICATE_METHOD_MATCH = YES;
				COPY_PHASE_STRIP = NO;
				GCC_C_LANGUAGE_STANDARD = gnu99;
				GCC_DYNAMIC_NO_PIC = NO;
				GCC_OPTIMIZATION_LEVEL = 0;
				GCC_PREPROCESSOR_DEFINITIONS = (
					"DEBUG=1",
					"$(inherited)",
				);
				GCC_SYMBOLS_PRIVATE_EXTERN = NO;
				GCC_VERSION = com.apple.compilers.llvm.clang.1_0;
				GCC_WARN_ABOUT_RETURN_TYPE = YES;
				GCC_WARN_UNINITIALIZED_AUTOS = YES;
				GCC_WARN_UNUSED_VARIABLE = YES;
				IPHONEOS_DEPLOYMENT_TARGET = 5.1;
				SDKROOT = iphoneos;
			};
			name = Debug;
		};
		850277AB1625B53E00AB5038 /* Release */ = {
			isa = XCBuildConfiguration;
			buildSettings = {
				ALWAYS_SEARCH_USER_PATHS = NO;
				ARCHS = "$(ARCHS_STANDARD_32_BIT)";
				CLANG_CXX_LANGUAGE_STANDARD = "gnu++0x";
				CLANG_ENABLE_OBJC_ARC = YES;
				CLANG_WARN__DUPLICATE_METHOD_MATCH = YES;
				COPY_PHASE_STRIP = YES;
				GCC_C_LANGUAGE_STANDARD = gnu99;
				GCC_VERSION = com.apple.compilers.llvm.clang.1_0;
				GCC_WARN_ABOUT_RETURN_TYPE = YES;
				GCC_WARN_UNINITIALIZED_AUTOS = YES;
				GCC_WARN_UNUSED_VARIABLE = YES;
				IPHONEOS_DEPLOYMENT_TARGET = 5.1;
				SDKROOT = iphoneos;
				VALIDATE_PRODUCT = YES;
			};
			name = Release;
		};
		850277AD1625B53E00AB5038 /* Debug */ = {
			isa = XCBuildConfiguration;
			buildSettings = {
				DSTROOT = /tmp/libresip.dst;
				FRAMEWORK_SEARCH_PATHS = "";
				GCC_C_LANGUAGE_STANDARD = "compiler-default";
				GCC_PRECOMPILE_PREFIX_HEADER = YES;
				GCC_PREFIX_HEADER = "libresip/libresip-Prefix.pch";
				HEADER_SEARCH_PATHS = (
					/Users/muromec/sources/speex/include,
					"/Users/muromec/sources/re-0.4.2/include",
					/Users/muromec/sources/srtp/include,
					/Users/muromec/sources/srtp/crypto/include,
					/Users/muromec/sources/CHDataStructures/source,
					deps/include,
				);
				IPHONEOS_DEPLOYMENT_TARGET = 5.0;
				LIBRARY_SEARCH_PATHS = (
					"$(inherited)",
					"\"$(SRCROOT)/deps\"",
				);
				OTHER_CFLAGS = (
					"-DUSE_OPENSSL",
					"-DUSE_TLS",
					"-DUSE_ZLIB",
					"-DHAVE_PTHREAD",
					"-DHAVE_GETIFADDRS",
					"-DHAVE_STRERROR_R",
					"-DHAVE_GETOPT",
					"-DHAVE_INTTYPES_H",
					"-DHAVE_NET_ROUTE_H",
					"-DHAVE_SYS_SYSCTL_H",
					"-DHAVE_STDBOOL_H",
					"-DHAVE_INET6",
					"-DHAVE_LIBRESOLV",
					"-DHAVE_SYSLOG",
					"-DHAVE_FORK",
					"-DHAVE_INET_NTOP",
					"-DHAVE_PWD_H",
					"-DHAVE_SELECT",
					"-DHAVE_SELECT_H",
					"-DHAVE_SETRLIMIT",
					"-DHAVE_SIGNAL",
					"-DHAVE_SYS_TIME_H",
					"-DHAVE_UNAME",
					"-DHAVE_UNISTD_H",
					"-DHAVE_STRINGS_H",
					"-DHAVE_GAI_STRERROR",
					"-DVERSION=\"0.4.2\"",
					"-Iinclude",
					"-DHAVE_ROUTE_LIST",
					"-DUSE_OPENSSL_DTLS=1",
				);
				OTHER_LDFLAGS = "-ObjC";
				PRODUCT_NAME = "$(TARGET_NAME)";
				SKIP_INSTALL = YES;
			};
			name = Debug;
		};
		850277AE1625B53E00AB5038 /* Release */ = {
			isa = XCBuildConfiguration;
			buildSettings = {
				DSTROOT = /tmp/libresip.dst;
				FRAMEWORK_SEARCH_PATHS = "";
				GCC_C_LANGUAGE_STANDARD = "compiler-default";
				GCC_PRECOMPILE_PREFIX_HEADER = YES;
				GCC_PREFIX_HEADER = "libresip/libresip-Prefix.pch";
				HEADER_SEARCH_PATHS = (
					/Users/muromec/sources/speex/include,
					"/Users/muromec/sources/re-0.4.2/include",
					/Users/muromec/sources/srtp/include,
					/Users/muromec/sources/srtp/crypto/include,
					/Users/muromec/sources/CHDataStructures/source,
					deps/include,
				);
				IPHONEOS_DEPLOYMENT_TARGET = 5.0;
				LIBRARY_SEARCH_PATHS = (
					"$(inherited)",
					"\"$(SRCROOT)/deps\"",
				);
				OTHER_CFLAGS = (
					"-DUSE_OPENSSL",
					"-DUSE_TLS",
					"-DUSE_ZLIB",
					"-DHAVE_PTHREAD",
					"-DHAVE_GETIFADDRS",
					"-DHAVE_STRERROR_R",
					"-DHAVE_GETOPT",
					"-DHAVE_INTTYPES_H",
					"-DHAVE_NET_ROUTE_H",
					"-DHAVE_SYS_SYSCTL_H",
					"-DHAVE_STDBOOL_H",
					"-DHAVE_INET6",
					"-DHAVE_LIBRESOLV",
					"-DHAVE_SYSLOG",
					"-DHAVE_FORK",
					"-DHAVE_INET_NTOP",
					"-DHAVE_PWD_H",
					"-DHAVE_SELECT",
					"-DHAVE_SELECT_H",
					"-DHAVE_SETRLIMIT",
					"-DHAVE_SIGNAL",
					"-DHAVE_SYS_TIME_H",
					"-DHAVE_UNAME",
					"-DHAVE_UNISTD_H",
					"-DHAVE_STRINGS_H",
					"-DHAVE_GAI_STRERROR",
					"-DVERSION=\"0.4.2\"",
					"-Iinclude",
					"-DHAVE_ROUTE_LIST",
					"-DUSE_OPENSSL_DTLS=1",
				);
				OTHER_LDFLAGS = "-ObjC";
				PRODUCT_NAME = "$(TARGET_NAME)";
				SKIP_INSTALL = YES;
			};
			name = Release;
		};
		859D3D591628D6A400385248 /* Debug */ = {
			isa = XCBuildConfiguration;
			buildSettings = {
				ARCHS = "$(ARCHS_STANDARD_64_BIT)";
				COMBINE_HIDPI_IMAGES = YES;
				DYLIB_COMPATIBILITY_VERSION = 1;
				DYLIB_CURRENT_VERSION = 1;
				FRAMEWORK_SEARCH_PATHS = "$(inherited)";
				FRAMEWORK_VERSION = A;
				GCC_ENABLE_OBJC_EXCEPTIONS = YES;
				GCC_PRECOMPILE_PREFIX_HEADER = YES;
				GCC_PREFIX_HEADER = "libresip-osx/libresip-osx-Prefix.pch";
				GCC_WARN_64_TO_32_BIT_CONVERSION = YES;
				HEADER_SEARCH_PATHS = (
					/Users/muromec/sources/speex/include,
					./deps/include/,
					/Users/muromec/sources/srtp/include,
					/Users/muromec/sources/srtp/crypto/include,
					/Users/muromec/sources/CHDataStructures/source,
				);
				INFOPLIST_FILE = "libresip-osx/libresip-osx-Info.plist";
				INSTALL_PATH = "@executable_path/../Frameworks";
				LIBRARY_SEARCH_PATHS = (
					"$(inherited)",
					"\"$(SRCROOT)/deps\"",
				);
				MACOSX_DEPLOYMENT_TARGET = 10.6;
				ONLY_ACTIVE_ARCH = YES;
				OTHER_CFLAGS = (
					"-DUSE_OPENSSL",
					"-DUSE_TLS",
					"-DUSE_ZLIB",
					"-DHAVE_PTHREAD",
					"-DHAVE_GETIFADDRS",
					"-DHAVE_STRERROR_R",
					"-DHAVE_GETOPT",
					"-DHAVE_INTTYPES_H",
					"-DHAVE_NET_ROUTE_H",
					"-DHAVE_SYS_SYSCTL_H",
					"-DHAVE_STDBOOL_H",
					"-DHAVE_INET6",
					"-DHAVE_LIBRESOLV",
					"-DHAVE_SYSLOG",
					"-DHAVE_FORK",
					"-DHAVE_INET_NTOP",
					"-DHAVE_PWD_H",
					"-DHAVE_SELECT",
					"-DHAVE_SELECT_H",
					"-DHAVE_SETRLIMIT",
					"-DHAVE_SIGNAL",
					"-DHAVE_SYS_TIME_H",
					"-DHAVE_UNAME",
					"-DHAVE_UNISTD_H",
					"-DHAVE_STRINGS_H",
					"-DHAVE_GAI_STRERROR",
					"-Iinclude",
					"-DHAVE_ROUTE_LIST",
					"-DUSE_OPENSSL_DTLS=1",
					"-DOS=\"darwin\"",
					"-DARCH=\"x86_64\"",
					"-DVERSION=\"0.4.2\"",
				);
				OTHER_LDFLAGS = "";
				PRODUCT_NAME = libresip;
				SDKROOT = macosx10.7;
				WARNING_CFLAGS = (
					"-Wall",
					"-Werror",
					"-Wno-unused-function",
				);
				WRAPPER_EXTENSION = framework;
			};
			name = Debug;
		};
		859D3D5A1628D6A400385248 /* Release */ = {
			isa = XCBuildConfiguration;
			buildSettings = {
				ARCHS = "$(ARCHS_STANDARD_64_BIT)";
				COMBINE_HIDPI_IMAGES = YES;
				DEBUG_INFORMATION_FORMAT = "dwarf-with-dsym";
				DYLIB_COMPATIBILITY_VERSION = 1;
				DYLIB_CURRENT_VERSION = 1;
				FRAMEWORK_SEARCH_PATHS = "$(inherited)";
				FRAMEWORK_VERSION = A;
				GCC_ENABLE_OBJC_EXCEPTIONS = YES;
				GCC_PRECOMPILE_PREFIX_HEADER = YES;
				GCC_PREFIX_HEADER = "libresip-osx/libresip-osx-Prefix.pch";
				GCC_WARN_64_TO_32_BIT_CONVERSION = YES;
				HEADER_SEARCH_PATHS = (
					/Users/muromec/sources/speex/include,
					./deps/include/,
					/Users/muromec/sources/srtp/include,
					/Users/muromec/sources/srtp/crypto/include,
					/Users/muromec/sources/CHDataStructures/source,
				);
				INFOPLIST_FILE = "libresip-osx/libresip-osx-Info.plist";
				INSTALL_PATH = "@executable_path/../Frameworks";
				LIBRARY_SEARCH_PATHS = (
					"$(inherited)",
					"\"$(SRCROOT)/deps\"",
				);
				MACOSX_DEPLOYMENT_TARGET = 10.6;
				OTHER_CFLAGS = (
					"-DUSE_OPENSSL",
					"-DUSE_TLS",
					"-DUSE_ZLIB",
					"-DHAVE_PTHREAD",
					"-DHAVE_GETIFADDRS",
					"-DHAVE_STRERROR_R",
					"-DHAVE_GETOPT",
					"-DHAVE_INTTYPES_H",
					"-DHAVE_NET_ROUTE_H",
					"-DHAVE_SYS_SYSCTL_H",
					"-DHAVE_STDBOOL_H",
					"-DHAVE_INET6",
					"-DHAVE_LIBRESOLV",
					"-DHAVE_SYSLOG",
					"-DHAVE_FORK",
					"-DHAVE_INET_NTOP",
					"-DHAVE_PWD_H",
					"-DHAVE_SELECT",
					"-DHAVE_SELECT_H",
					"-DHAVE_SETRLIMIT",
					"-DHAVE_SIGNAL",
					"-DHAVE_SYS_TIME_H",
					"-DHAVE_UNAME",
					"-DHAVE_UNISTD_H",
					"-DHAVE_STRINGS_H",
					"-DHAVE_GAI_STRERROR",
					"-Iinclude",
					"-DHAVE_ROUTE_LIST",
					"-DUSE_OPENSSL_DTLS=1",
					"-DOS=\"darwin\"",
					"-DARCH=\"x86_64\"",
					"-DVERSION=\"0.4.2\"",
					"-DRELEASE",
				);
				OTHER_LDFLAGS = "";
				PRODUCT_NAME = libresip;
				SDKROOT = macosx10.7;
				WARNING_CFLAGS = (
					"-Wall",
					"-Werror",
					"-Wno-unused-function",
				);
				WRAPPER_EXTENSION = framework;
			};
			name = Release;
		};
/* End XCBuildConfiguration section */

/* Begin XCConfigurationList section */
		850277981625B53E00AB5038 /* Build configuration list for PBXProject "libresip" */ = {
			isa = XCConfigurationList;
			buildConfigurations = (
				850277AA1625B53E00AB5038 /* Debug */,
				850277AB1625B53E00AB5038 /* Release */,
			);
			defaultConfigurationIsVisible = 0;
			defaultConfigurationName = Release;
		};
		850277AC1625B53E00AB5038 /* Build configuration list for PBXNativeTarget "libresip" */ = {
			isa = XCConfigurationList;
			buildConfigurations = (
				850277AD1625B53E00AB5038 /* Debug */,
				850277AE1625B53E00AB5038 /* Release */,
			);
			defaultConfigurationIsVisible = 0;
			defaultConfigurationName = Release;
		};
		859D3D581628D6A400385248 /* Build configuration list for PBXNativeTarget "libresip-osx" */ = {
			isa = XCConfigurationList;
			buildConfigurations = (
				859D3D591628D6A400385248 /* Debug */,
				859D3D5A1628D6A400385248 /* Release */,
			);
			defaultConfigurationIsVisible = 0;
			defaultConfigurationName = Release;
		};
/* End XCConfigurationList section */
	};
	rootObject = 850277951625B53E00AB5038 /* Project object */;
}
